// !$*UTF8*$!
{
	archiveVersion = 1;
	classes = {
	};
	objectVersion = 51;
	objects = {

/* Begin PBXBuildFile section */
		72DF9DFD77975DAD15E02F84 /* Pods_LUAppCoordinator.framework in Frameworks */ = {isa = PBXBuildFile; fileRef = EBDBFF0BAA5F230B8C9754B4 /* Pods_LUAppCoordinator.framework */; };
		922FD9C32549685D003288BF /* LUAppCoordinator.h in Headers */ = {isa = PBXBuildFile; fileRef = 922FD9C12549685D003288BF /* LUAppCoordinator.h */; settings = {ATTRIBUTES = (Public, ); }; };
		922FD9E92549690F003288BF /* BuildConfiguration.swift in Sources */ = {isa = PBXBuildFile; fileRef = 922FD9E22549690F003288BF /* BuildConfiguration.swift */; };
		922FD9EA2549690F003288BF /* AppCoordinator.swift in Sources */ = {isa = PBXBuildFile; fileRef = 922FD9E32549690F003288BF /* AppCoordinator.swift */; };
		922FD9EB2549690F003288BF /* Appcoordinator+BuildConfiguration.swift in Sources */ = {isa = PBXBuildFile; fileRef = 922FD9E42549690F003288BF /* Appcoordinator+BuildConfiguration.swift */; };
		922FD9EC2549690F003288BF /* AppCoordinator+Firebase.swift in Sources */ = {isa = PBXBuildFile; fileRef = 922FD9E52549690F003288BF /* AppCoordinator+Firebase.swift */; };
		922FD9EE25496910003288BF /* AppCoordinator+GoogleSDK.swift in Sources */ = {isa = PBXBuildFile; fileRef = 922FD9E72549690F003288BF /* AppCoordinator+GoogleSDK.swift */; };
		922FE54D2549B4AC003288BF /* LUCoordinator.framework in Frameworks */ = {isa = PBXBuildFile; fileRef = 922FE54C2549B4AC003288BF /* LUCoordinator.framework */; };
		922FE54E2549B4AC003288BF /* LUCoordinator.framework in Embed Frameworks */ = {isa = PBXBuildFile; fileRef = 922FE54C2549B4AC003288BF /* LUCoordinator.framework */; settings = {ATTRIBUTES = (CodeSignOnCopy, RemoveHeadersOnCopy, ); }; };
		92349CBC254BC80B00BE3BA8 /* AppCoordinator+CoordinatorId.swift in Sources */ = {isa = PBXBuildFile; fileRef = 92349CBB254BC80B00BE3BA8 /* AppCoordinator+CoordinatorId.swift */; };
		92349CFC254C1E5900BE3BA8 /* LUSplash.framework in Frameworks */ = {isa = PBXBuildFile; fileRef = 92349CFB254C1E5900BE3BA8 /* LUSplash.framework */; };
		92349CFD254C1E5900BE3BA8 /* LUSplash.framework in Embed Frameworks */ = {isa = PBXBuildFile; fileRef = 92349CFB254C1E5900BE3BA8 /* LUSplash.framework */; settings = {ATTRIBUTES = (CodeSignOnCopy, RemoveHeadersOnCopy, ); }; };
		92349D0B254C1F2D00BE3BA8 /* LUSample.framework in Frameworks */ = {isa = PBXBuildFile; fileRef = 92349D0A254C1F2D00BE3BA8 /* LUSample.framework */; };
		92349D0C254C1F2D00BE3BA8 /* LUSample.framework in Embed Frameworks */ = {isa = PBXBuildFile; fileRef = 92349D0A254C1F2D00BE3BA8 /* LUSample.framework */; settings = {ATTRIBUTES = (CodeSignOnCopy, RemoveHeadersOnCopy, ); }; };
/* End PBXBuildFile section */

/* Begin PBXCopyFilesBuildPhase section */
		922FE54F2549B4AD003288BF /* Embed Frameworks */ = {
			isa = PBXCopyFilesBuildPhase;
			buildActionMask = 2147483647;
			dstPath = "";
			dstSubfolderSpec = 10;
			files = (
				92349CFD254C1E5900BE3BA8 /* LUSplash.framework in Embed Frameworks */,
				92349D0C254C1F2D00BE3BA8 /* LUSample.framework in Embed Frameworks */,
				922FE54E2549B4AC003288BF /* LUCoordinator.framework in Embed Frameworks */,
			);
			name = "Embed Frameworks";
			runOnlyForDeploymentPostprocessing = 0;
		};
/* End PBXCopyFilesBuildPhase section */

/* Begin PBXFileReference section */
		2384EE826FC3B664FE9DD106 /* libPods-LUAppCoordinator.a */ = {isa = PBXFileReference; explicitFileType = archive.ar; includeInIndex = 0; path = "libPods-LUAppCoordinator.a"; sourceTree = BUILT_PRODUCTS_DIR; };
		3847D8766324B0229BFC62F6 /* Pods-LUAppCoordinator.release.xcconfig */ = {isa = PBXFileReference; includeInIndex = 1; lastKnownFileType = text.xcconfig; name = "Pods-LUAppCoordinator.release.xcconfig"; path = "Target Support Files/Pods-LUAppCoordinator/Pods-LUAppCoordinator.release.xcconfig"; sourceTree = "<group>"; };
		792C61F94BC5D30086B30E24 /* Pods-LUAppCoordinator.debug.xcconfig */ = {isa = PBXFileReference; includeInIndex = 1; lastKnownFileType = text.xcconfig; name = "Pods-LUAppCoordinator.debug.xcconfig"; path = "Target Support Files/Pods-LUAppCoordinator/Pods-LUAppCoordinator.debug.xcconfig"; sourceTree = "<group>"; };
		922FD9BE2549685D003288BF /* LUAppCoordinator.framework */ = {isa = PBXFileReference; explicitFileType = wrapper.framework; includeInIndex = 0; path = LUAppCoordinator.framework; sourceTree = BUILT_PRODUCTS_DIR; };
		922FD9C12549685D003288BF /* LUAppCoordinator.h */ = {isa = PBXFileReference; lastKnownFileType = sourcecode.c.h; path = LUAppCoordinator.h; sourceTree = "<group>"; };
		922FD9C22549685D003288BF /* Info.plist */ = {isa = PBXFileReference; lastKnownFileType = text.plist.xml; path = Info.plist; sourceTree = "<group>"; };
		922FD9E22549690F003288BF /* BuildConfiguration.swift */ = {isa = PBXFileReference; fileEncoding = 4; lastKnownFileType = sourcecode.swift; path = BuildConfiguration.swift; sourceTree = "<group>"; };
		922FD9E32549690F003288BF /* AppCoordinator.swift */ = {isa = PBXFileReference; fileEncoding = 4; lastKnownFileType = sourcecode.swift; path = AppCoordinator.swift; sourceTree = "<group>"; };
		922FD9E42549690F003288BF /* Appcoordinator+BuildConfiguration.swift */ = {isa = PBXFileReference; fileEncoding = 4; lastKnownFileType = sourcecode.swift; path = "Appcoordinator+BuildConfiguration.swift"; sourceTree = "<group>"; };
		922FD9E52549690F003288BF /* AppCoordinator+Firebase.swift */ = {isa = PBXFileReference; fileEncoding = 4; lastKnownFileType = sourcecode.swift; path = "AppCoordinator+Firebase.swift"; sourceTree = "<group>"; };
		922FD9E72549690F003288BF /* AppCoordinator+GoogleSDK.swift */ = {isa = PBXFileReference; fileEncoding = 4; lastKnownFileType = sourcecode.swift; path = "AppCoordinator+GoogleSDK.swift"; sourceTree = "<group>"; };
		922FDBB725497C45003288BF /* LUCoordinator.framework */ = {isa = PBXFileReference; explicitFileType = wrapper.framework; path = LUCoordinator.framework; sourceTree = BUILT_PRODUCTS_DIR; };
		922FDBBB25497C56003288BF /* LUCoordinatorBuilder.framework */ = {isa = PBXFileReference; explicitFileType = wrapper.framework; path = LUCoordinatorBuilder.framework; sourceTree = BUILT_PRODUCTS_DIR; };
		922FE54C2549B4AC003288BF /* LUCoordinator.framework */ = {isa = PBXFileReference; explicitFileType = wrapper.framework; path = LUCoordinator.framework; sourceTree = BUILT_PRODUCTS_DIR; };
		922FE5512549B4E3003288BF /* LUCoordinatorBuilder.framework */ = {isa = PBXFileReference; explicitFileType = wrapper.framework; path = LUCoordinatorBuilder.framework; sourceTree = BUILT_PRODUCTS_DIR; };
		92349CBB254BC80B00BE3BA8 /* AppCoordinator+CoordinatorId.swift */ = {isa = PBXFileReference; lastKnownFileType = sourcecode.swift; path = "AppCoordinator+CoordinatorId.swift"; sourceTree = "<group>"; };
		92349CFB254C1E5900BE3BA8 /* LUSplash.framework */ = {isa = PBXFileReference; explicitFileType = wrapper.framework; path = LUSplash.framework; sourceTree = BUILT_PRODUCTS_DIR; };
		92349D0A254C1F2D00BE3BA8 /* LUSample.framework */ = {isa = PBXFileReference; explicitFileType = wrapper.framework; path = LUSample.framework; sourceTree = BUILT_PRODUCTS_DIR; };
		9B447C73E6FE7781E9577B86 /* Pods-LUMain-LUAppCoordinator.release.xcconfig */ = {isa = PBXFileReference; includeInIndex = 1; lastKnownFileType = text.xcconfig; name = "Pods-LUMain-LUAppCoordinator.release.xcconfig"; path = "Target Support Files/Pods-LUMain-LUAppCoordinator/Pods-LUMain-LUAppCoordinator.release.xcconfig"; sourceTree = "<group>"; };
		D4A8034BA8C5AD497CEF8438 /* Pods-LUMain-LUAppCoordinator.debug.xcconfig */ = {isa = PBXFileReference; includeInIndex = 1; lastKnownFileType = text.xcconfig; name = "Pods-LUMain-LUAppCoordinator.debug.xcconfig"; path = "Target Support Files/Pods-LUMain-LUAppCoordinator/Pods-LUMain-LUAppCoordinator.debug.xcconfig"; sourceTree = "<group>"; };
		EBDBFF0BAA5F230B8C9754B4 /* Pods_LUAppCoordinator.framework */ = {isa = PBXFileReference; explicitFileType = wrapper.framework; includeInIndex = 0; path = Pods_LUAppCoordinator.framework; sourceTree = BUILT_PRODUCTS_DIR; };
/* End PBXFileReference section */

/* Begin PBXFrameworksBuildPhase section */
		922FD9BB2549685D003288BF /* Frameworks */ = {
			isa = PBXFrameworksBuildPhase;
			buildActionMask = 2147483647;
			files = (
				922FE54D2549B4AC003288BF /* LUCoordinator.framework in Frameworks */,
				92349D0B254C1F2D00BE3BA8 /* LUSample.framework in Frameworks */,
				92349CFC254C1E5900BE3BA8 /* LUSplash.framework in Frameworks */,
				72DF9DFD77975DAD15E02F84 /* Pods_LUAppCoordinator.framework in Frameworks */,
			);
			runOnlyForDeploymentPostprocessing = 0;
		};
/* End PBXFrameworksBuildPhase section */

/* Begin PBXGroup section */
		414D28A60CE3B1A976557D99 /* Pods */ = {
			isa = PBXGroup;
			children = (
				D4A8034BA8C5AD497CEF8438 /* Pods-LUMain-LUAppCoordinator.debug.xcconfig */,
				9B447C73E6FE7781E9577B86 /* Pods-LUMain-LUAppCoordinator.release.xcconfig */,
				792C61F94BC5D30086B30E24 /* Pods-LUAppCoordinator.debug.xcconfig */,
				3847D8766324B0229BFC62F6 /* Pods-LUAppCoordinator.release.xcconfig */,
			);
			name = Pods;
			path = ../../../Pods;
			sourceTree = "<group>";
		};
		922FD9B42549685D003288BF = {
			isa = PBXGroup;
			children = (
				922FD9C02549685D003288BF /* LUAppCoordinator */,
				922FD9BF2549685D003288BF /* Products */,
				E34F5E4BCE3B12554A24CD97 /* Frameworks */,
				414D28A60CE3B1A976557D99 /* Pods */,
			);
			sourceTree = "<group>";
		};
		922FD9BF2549685D003288BF /* Products */ = {
			isa = PBXGroup;
			children = (
				922FD9BE2549685D003288BF /* LUAppCoordinator.framework */,
			);
			name = Products;
			sourceTree = "<group>";
		};
		922FD9C02549685D003288BF /* LUAppCoordinator */ = {
			isa = PBXGroup;
			children = (
				922FD9E02549690F003288BF /* App */,
				922FD9C12549685D003288BF /* LUAppCoordinator.h */,
				922FD9C22549685D003288BF /* Info.plist */,
			);
			path = LUAppCoordinator;
			sourceTree = "<group>";
		};
		922FD9E02549690F003288BF /* App */ = {
			isa = PBXGroup;
			children = (
				922FD9E22549690F003288BF /* BuildConfiguration.swift */,
				922FD9E32549690F003288BF /* AppCoordinator.swift */,
				922FD9E42549690F003288BF /* Appcoordinator+BuildConfiguration.swift */,
				922FD9E52549690F003288BF /* AppCoordinator+Firebase.swift */,
				922FD9E72549690F003288BF /* AppCoordinator+GoogleSDK.swift */,
				92349CBB254BC80B00BE3BA8 /* AppCoordinator+CoordinatorId.swift */,
			);
			path = App;
			sourceTree = "<group>";
		};
		E34F5E4BCE3B12554A24CD97 /* Frameworks */ = {
			isa = PBXGroup;
			children = (
				92349D0A254C1F2D00BE3BA8 /* LUSample.framework */,
				92349CFB254C1E5900BE3BA8 /* LUSplash.framework */,
				922FE5512549B4E3003288BF /* LUCoordinatorBuilder.framework */,
				922FE54C2549B4AC003288BF /* LUCoordinator.framework */,
				922FDBBB25497C56003288BF /* LUCoordinatorBuilder.framework */,
				922FDBB725497C45003288BF /* LUCoordinator.framework */,
				2384EE826FC3B664FE9DD106 /* libPods-LUAppCoordinator.a */,
				EBDBFF0BAA5F230B8C9754B4 /* Pods_LUAppCoordinator.framework */,
			);
			name = Frameworks;
			sourceTree = "<group>";
		};
/* End PBXGroup section */

/* Begin PBXHeadersBuildPhase section */
		922FD9B92549685D003288BF /* Headers */ = {
			isa = PBXHeadersBuildPhase;
			buildActionMask = 2147483647;
			files = (
				922FD9C32549685D003288BF /* LUAppCoordinator.h in Headers */,
			);
			runOnlyForDeploymentPostprocessing = 0;
		};
/* End PBXHeadersBuildPhase section */

/* Begin PBXNativeTarget section */
		922FD9BD2549685D003288BF /* LUAppCoordinator */ = {
			isa = PBXNativeTarget;
			buildConfigurationList = 922FD9C62549685D003288BF /* Build configuration list for PBXNativeTarget "LUAppCoordinator" */;
			buildPhases = (
				2FC65BD43088B80E7204383C /* [CP] Check Pods Manifest.lock */,
				922FD9B92549685D003288BF /* Headers */,
				922FD9BA2549685D003288BF /* Sources */,
				922FD9BB2549685D003288BF /* Frameworks */,
				922FD9BC2549685D003288BF /* Resources */,
				922FE54F2549B4AD003288BF /* Embed Frameworks */,
				7595470AD3A34051EA7DBCC1 /* [CP] Copy Pods Resources */,
			);
			buildRules = (
			);
			dependencies = (
			);
			name = LUAppCoordinator;
			productName = LUAppCoordinator;
			productReference = 922FD9BE2549685D003288BF /* LUAppCoordinator.framework */;
			productType = "com.apple.product-type.framework";
		};
/* End PBXNativeTarget section */

/* Begin PBXProject section */
		922FD9B52549685D003288BF /* Project object */ = {
			isa = PBXProject;
			attributes = {
				LastUpgradeCheck = 1200;
				TargetAttributes = {
					922FD9BD2549685D003288BF = {
						CreatedOnToolsVersion = 12.0;
					};
				};
			};
			buildConfigurationList = 922FD9B82549685D003288BF /* Build configuration list for PBXProject "LUAppCoordinator" */;
			compatibilityVersion = "Xcode 9.3";
			developmentRegion = en;
			hasScannedForEncodings = 0;
			knownRegions = (
				en,
				Base,
			);
			mainGroup = 922FD9B42549685D003288BF;
			productRefGroup = 922FD9BF2549685D003288BF /* Products */;
			projectDirPath = "";
			projectRoot = "";
			targets = (
				922FD9BD2549685D003288BF /* LUAppCoordinator */,
			);
		};
/* End PBXProject section */

/* Begin PBXResourcesBuildPhase section */
		922FD9BC2549685D003288BF /* Resources */ = {
			isa = PBXResourcesBuildPhase;
			buildActionMask = 2147483647;
			files = (
			);
			runOnlyForDeploymentPostprocessing = 0;
		};
/* End PBXResourcesBuildPhase section */

/* Begin PBXShellScriptBuildPhase section */
		2FC65BD43088B80E7204383C /* [CP] Check Pods Manifest.lock */ = {
			isa = PBXShellScriptBuildPhase;
			buildActionMask = 2147483647;
			files = (
			);
			inputFileListPaths = (
			);
			inputPaths = (
				"${PODS_PODFILE_DIR_PATH}/Podfile.lock",
				"${PODS_ROOT}/Manifest.lock",
			);
			name = "[CP] Check Pods Manifest.lock";
			outputFileListPaths = (
			);
			outputPaths = (
				"$(DERIVED_FILE_DIR)/Pods-LUAppCoordinator-checkManifestLockResult.txt",
			);
			runOnlyForDeploymentPostprocessing = 0;
			shellPath = /bin/sh;
			shellScript = "diff \"${PODS_PODFILE_DIR_PATH}/Podfile.lock\" \"${PODS_ROOT}/Manifest.lock\" > /dev/null\nif [ $? != 0 ] ; then\n    # print error to STDERR\n    echo \"error: The sandbox is not in sync with the Podfile.lock. Run 'pod install' or update your CocoaPods installation.\" >&2\n    exit 1\nfi\n# This output is used by Xcode 'outputs' to avoid re-running this script phase.\necho \"SUCCESS\" > \"${SCRIPT_OUTPUT_FILE_0}\"\n";
			showEnvVarsInLog = 0;
		};
		7595470AD3A34051EA7DBCC1 /* [CP] Copy Pods Resources */ = {
			isa = PBXShellScriptBuildPhase;
			buildActionMask = 2147483647;
			files = (
			);
			inputFileListPaths = (
				"${PODS_ROOT}/Target Support Files/Pods-LUAppCoordinator/Pods-LUAppCoordinator-resources-${CONFIGURATION}-input-files.xcfilelist",
			);
			name = "[CP] Copy Pods Resources";
			outputFileListPaths = (
				"${PODS_ROOT}/Target Support Files/Pods-LUAppCoordinator/Pods-LUAppCoordinator-resources-${CONFIGURATION}-output-files.xcfilelist",
			);
			runOnlyForDeploymentPostprocessing = 0;
			shellPath = /bin/sh;
			shellScript = "\"${PODS_ROOT}/Target Support Files/Pods-LUAppCoordinator/Pods-LUAppCoordinator-resources.sh\"\n";
			showEnvVarsInLog = 0;
		};
/* End PBXShellScriptBuildPhase section */

/* Begin PBXSourcesBuildPhase section */
		922FD9BA2549685D003288BF /* Sources */ = {
			isa = PBXSourcesBuildPhase;
			buildActionMask = 2147483647;
			files = (
				92349CBC254BC80B00BE3BA8 /* AppCoordinator+CoordinatorId.swift in Sources */,
				922FD9EA2549690F003288BF /* AppCoordinator.swift in Sources */,
				922FD9EE25496910003288BF /* AppCoordinator+GoogleSDK.swift in Sources */,
				922FD9EB2549690F003288BF /* Appcoordinator+BuildConfiguration.swift in Sources */,
				922FD9EC2549690F003288BF /* AppCoordinator+Firebase.swift in Sources */,
				922FD9E92549690F003288BF /* BuildConfiguration.swift in Sources */,
			);
			runOnlyForDeploymentPostprocessing = 0;
		};
/* End PBXSourcesBuildPhase section */

/* Begin XCBuildConfiguration section */
		922FD9C42549685D003288BF /* Debug */ = {
			isa = XCBuildConfiguration;
			buildSettings = {
				ALWAYS_SEARCH_USER_PATHS = NO;
				CLANG_ANALYZER_NONNULL = YES;
				CLANG_ANALYZER_NUMBER_OBJECT_CONVERSION = YES_AGGRESSIVE;
				CLANG_CXX_LANGUAGE_STANDARD = "gnu++14";
				CLANG_CXX_LIBRARY = "libc++";
				CLANG_ENABLE_MODULES = YES;
				CLANG_ENABLE_OBJC_ARC = YES;
				CLANG_ENABLE_OBJC_WEAK = YES;
				CLANG_WARN_BLOCK_CAPTURE_AUTORELEASING = YES;
				CLANG_WARN_BOOL_CONVERSION = YES;
				CLANG_WARN_COMMA = YES;
				CLANG_WARN_CONSTANT_CONVERSION = YES;
				CLANG_WARN_DEPRECATED_OBJC_IMPLEMENTATIONS = YES;
				CLANG_WARN_DIRECT_OBJC_ISA_USAGE = YES_ERROR;
				CLANG_WARN_DOCUMENTATION_COMMENTS = YES;
				CLANG_WARN_EMPTY_BODY = YES;
				CLANG_WARN_ENUM_CONVERSION = YES;
				CLANG_WARN_INFINITE_RECURSION = YES;
				CLANG_WARN_INT_CONVERSION = YES;
				CLANG_WARN_NON_LITERAL_NULL_CONVERSION = YES;
				CLANG_WARN_OBJC_IMPLICIT_RETAIN_SELF = YES;
				CLANG_WARN_OBJC_LITERAL_CONVERSION = YES;
				CLANG_WARN_OBJC_ROOT_CLASS = YES_ERROR;
				CLANG_WARN_QUOTED_INCLUDE_IN_FRAMEWORK_HEADER = YES;
				CLANG_WARN_RANGE_LOOP_ANALYSIS = YES;
				CLANG_WARN_STRICT_PROTOTYPES = YES;
				CLANG_WARN_SUSPICIOUS_MOVE = YES;
				CLANG_WARN_UNGUARDED_AVAILABILITY = YES_AGGRESSIVE;
				CLANG_WARN_UNREACHABLE_CODE = YES;
				CLANG_WARN__DUPLICATE_METHOD_MATCH = YES;
				COPY_PHASE_STRIP = NO;
				CURRENT_PROJECT_VERSION = 1;
				DEBUG_INFORMATION_FORMAT = dwarf;
				ENABLE_STRICT_OBJC_MSGSEND = YES;
				ENABLE_TESTABILITY = YES;
				GCC_C_LANGUAGE_STANDARD = gnu11;
				GCC_DYNAMIC_NO_PIC = NO;
				GCC_NO_COMMON_BLOCKS = YES;
				GCC_OPTIMIZATION_LEVEL = 0;
				GCC_PREPROCESSOR_DEFINITIONS = (
					"DEBUG=1",
					"$(inherited)",
				);
				GCC_WARN_64_TO_32_BIT_CONVERSION = YES;
				GCC_WARN_ABOUT_RETURN_TYPE = YES_ERROR;
				GCC_WARN_UNDECLARED_SELECTOR = YES;
				GCC_WARN_UNINITIALIZED_AUTOS = YES_AGGRESSIVE;
				GCC_WARN_UNUSED_FUNCTION = YES;
				GCC_WARN_UNUSED_VARIABLE = YES;
				IPHONEOS_DEPLOYMENT_TARGET = 13.0;
				MTL_ENABLE_DEBUG_INFO = INCLUDE_SOURCE;
				MTL_FAST_MATH = YES;
				ONLY_ACTIVE_ARCH = YES;
				SDKROOT = iphoneos;
				SWIFT_ACTIVE_COMPILATION_CONDITIONS = DEBUG;
				SWIFT_OPTIMIZATION_LEVEL = "-Onone";
				VERSIONING_SYSTEM = "apple-generic";
				VERSION_INFO_PREFIX = "";
			};
			name = Debug;
		};
		922FD9C52549685D003288BF /* Release */ = {
			isa = XCBuildConfiguration;
			buildSettings = {
				ALWAYS_SEARCH_USER_PATHS = NO;
				CLANG_ANALYZER_NONNULL = YES;
				CLANG_ANALYZER_NUMBER_OBJECT_CONVERSION = YES_AGGRESSIVE;
				CLANG_CXX_LANGUAGE_STANDARD = "gnu++14";
				CLANG_CXX_LIBRARY = "libc++";
				CLANG_ENABLE_MODULES = YES;
				CLANG_ENABLE_OBJC_ARC = YES;
				CLANG_ENABLE_OBJC_WEAK = YES;
				CLANG_WARN_BLOCK_CAPTURE_AUTORELEASING = YES;
				CLANG_WARN_BOOL_CONVERSION = YES;
				CLANG_WARN_COMMA = YES;
				CLANG_WARN_CONSTANT_CONVERSION = YES;
				CLANG_WARN_DEPRECATED_OBJC_IMPLEMENTATIONS = YES;
				CLANG_WARN_DIRECT_OBJC_ISA_USAGE = YES_ERROR;
				CLANG_WARN_DOCUMENTATION_COMMENTS = YES;
				CLANG_WARN_EMPTY_BODY = YES;
				CLANG_WARN_ENUM_CONVERSION = YES;
				CLANG_WARN_INFINITE_RECURSION = YES;
				CLANG_WARN_INT_CONVERSION = YES;
				CLANG_WARN_NON_LITERAL_NULL_CONVERSION = YES;
				CLANG_WARN_OBJC_IMPLICIT_RETAIN_SELF = YES;
				CLANG_WARN_OBJC_LITERAL_CONVERSION = YES;
				CLANG_WARN_OBJC_ROOT_CLASS = YES_ERROR;
				CLANG_WARN_QUOTED_INCLUDE_IN_FRAMEWORK_HEADER = YES;
				CLANG_WARN_RANGE_LOOP_ANALYSIS = YES;
				CLANG_WARN_STRICT_PROTOTYPES = YES;
				CLANG_WARN_SUSPICIOUS_MOVE = YES;
				CLANG_WARN_UNGUARDED_AVAILABILITY = YES_AGGRESSIVE;
				CLANG_WARN_UNREACHABLE_CODE = YES;
				CLANG_WARN__DUPLICATE_METHOD_MATCH = YES;
				COPY_PHASE_STRIP = NO;
				CURRENT_PROJECT_VERSION = 1;
				DEBUG_INFORMATION_FORMAT = "dwarf-with-dsym";
				ENABLE_NS_ASSERTIONS = NO;
				ENABLE_STRICT_OBJC_MSGSEND = YES;
				GCC_C_LANGUAGE_STANDARD = gnu11;
				GCC_NO_COMMON_BLOCKS = YES;
				GCC_WARN_64_TO_32_BIT_CONVERSION = YES;
				GCC_WARN_ABOUT_RETURN_TYPE = YES_ERROR;
				GCC_WARN_UNDECLARED_SELECTOR = YES;
				GCC_WARN_UNINITIALIZED_AUTOS = YES_AGGRESSIVE;
				GCC_WARN_UNUSED_FUNCTION = YES;
				GCC_WARN_UNUSED_VARIABLE = YES;
				IPHONEOS_DEPLOYMENT_TARGET = 13.0;
				MTL_ENABLE_DEBUG_INFO = NO;
				MTL_FAST_MATH = YES;
				SDKROOT = iphoneos;
				SWIFT_COMPILATION_MODE = wholemodule;
				SWIFT_OPTIMIZATION_LEVEL = "-O";
				VALIDATE_PRODUCT = YES;
				VERSIONING_SYSTEM = "apple-generic";
				VERSION_INFO_PREFIX = "";
			};
			name = Release;
		};
		922FD9C72549685D003288BF /* Debug */ = {
			isa = XCBuildConfiguration;
			baseConfigurationReference = 792C61F94BC5D30086B30E24 /* Pods-LUAppCoordinator.debug.xcconfig */;
			buildSettings = {
				CODE_SIGN_STYLE = Automatic;
				DEFINES_MODULE = YES;
				DEVELOPMENT_TEAM = WPQ9HAVPNV;
				DYLIB_COMPATIBILITY_VERSION = 1;
				DYLIB_CURRENT_VERSION = 1;
				DYLIB_INSTALL_NAME_BASE = "@rpath";
				INFOPLIST_FILE = LUAppCoordinator/Info.plist;
				INSTALL_PATH = "$(LOCAL_LIBRARY_DIR)/Frameworks";
				LD_RUNPATH_SEARCH_PATHS = (
					"$(inherited)",
					"@executable_path/Frameworks",
					"@loader_path/Frameworks",
				);
				PRODUCT_BUNDLE_IDENTIFIER = inx.LUAppCoordinator;
				PRODUCT_NAME = "$(TARGET_NAME:c99extidentifier)";
				SKIP_INSTALL = YES;
				SWIFT_VERSION = 5.0;
				TARGETED_DEVICE_FAMILY = "1,2";
			};
			name = Debug;
		};
		922FD9C82549685D003288BF /* Release */ = {
			isa = XCBuildConfiguration;
			baseConfigurationReference = 3847D8766324B0229BFC62F6 /* Pods-LUAppCoordinator.release.xcconfig */;
			buildSettings = {
				CODE_SIGN_STYLE = Automatic;
				DEFINES_MODULE = YES;
				DEVELOPMENT_TEAM = WPQ9HAVPNV;
				DYLIB_COMPATIBILITY_VERSION = 1;
				DYLIB_CURRENT_VERSION = 1;
				DYLIB_INSTALL_NAME_BASE = "@rpath";
				INFOPLIST_FILE = LUAppCoordinator/Info.plist;
				INSTALL_PATH = "$(LOCAL_LIBRARY_DIR)/Frameworks";
				LD_RUNPATH_SEARCH_PATHS = (
					"$(inherited)",
					"@executable_path/Frameworks",
					"@loader_path/Frameworks",
				);
				PRODUCT_BUNDLE_IDENTIFIER = inx.LUAppCoordinator;
				PRODUCT_NAME = "$(TARGET_NAME:c99extidentifier)";
				SKIP_INSTALL = YES;
				SWIFT_VERSION = 5.0;
				TARGETED_DEVICE_FAMILY = "1,2";
			};
			name = Release;
		};
/* End XCBuildConfiguration section */

/* Begin XCConfigurationList section */
		922FD9B82549685D003288BF /* Build configuration list for PBXProject "LUAppCoordinator" */ = {
			isa = XCConfigurationList;
			buildConfigurations = (
				922FD9C42549685D003288BF /* Debug */,
				922FD9C52549685D003288BF /* Release */,
			);
			defaultConfigurationIsVisible = 0;
			defaultConfigurationName = Release;
		};
		922FD9C62549685D003288BF /* Build configuration list for PBXNativeTarget "LUAppCoordinator" */ = {
			isa = XCConfigurationList;
			buildConfigurations = (
				922FD9C72549685D003288BF /* Debug */,
				922FD9C82549685D003288BF /* Release */,
			);
			defaultConfigurationIsVisible = 0;
			defaultConfigurationName = Release;
		};
/* End XCConfigurationList section */
	};
	rootObject = 922FD9B52549685D003288BF /* Project object */;
}
