// !$*UTF8*$!
{
	archiveVersion = 1;
	classes = {
	};
	objectVersion = 51;
	objects = {

/* Begin PBXBuildFile section */
		1E13ABB324D29384005AF3BD /* ProfileAsset.xcassets in Resources */ = {isa = PBXBuildFile; fileRef = 1E13ABB224D29384005AF3BD /* ProfileAsset.xcassets */; };
		1E44DC5224D855C600025AE8 /* EditProfileController.swift in Sources */ = {isa = PBXBuildFile; fileRef = 1E44DC5124D855C600025AE8 /* EditProfileController.swift */; };
		1E44DC5624D8560400025AE8 /* EditProfileController.xib in Resources */ = {isa = PBXBuildFile; fileRef = 1E44DC5524D8560400025AE8 /* EditProfileController.xib */; };
		1E44DC5824D8562D00025AE8 /* EditProfileProtocol.swift in Sources */ = {isa = PBXBuildFile; fileRef = 1E44DC5724D8562D00025AE8 /* EditProfileProtocol.swift */; };
		1E44DC5A24D8563C00025AE8 /* EditProfileViewModel.swift in Sources */ = {isa = PBXBuildFile; fileRef = 1E44DC5924D8563C00025AE8 /* EditProfileViewModel.swift */; };
		1E4A4AD424DDD815004795AB /* ProfileCoordinatorConstant.swift in Sources */ = {isa = PBXBuildFile; fileRef = 1E4A4AD324DDD815004795AB /* ProfileCoordinatorConstant.swift */; };
		1EB0168024DC820E00C76109 /* ProfileModel.swift in Sources */ = {isa = PBXBuildFile; fileRef = 1EB0167F24DC820E00C76109 /* ProfileModel.swift */; };
		1EB0168224DC828E00C76109 /* ProfileResponse.swift in Sources */ = {isa = PBXBuildFile; fileRef = 1EB0168124DC828E00C76109 /* ProfileResponse.swift */; };
		1EB0168424DC843E00C76109 /* ProfileService.swift in Sources */ = {isa = PBXBuildFile; fileRef = 1EB0168324DC843E00C76109 /* ProfileService.swift */; };
		1EB0168624DC860300C76109 /* ProfilePath.swift in Sources */ = {isa = PBXBuildFile; fileRef = 1EB0168524DC860300C76109 /* ProfilePath.swift */; };
		1EB0168824DC871600C76109 /* ProfileSubPath.swift in Sources */ = {isa = PBXBuildFile; fileRef = 1EB0168724DC871600C76109 /* ProfileSubPath.swift */; };
		1EBF012A24D0A65F0098C24A /* ProfileLandingController.swift in Sources */ = {isa = PBXBuildFile; fileRef = 1EBF012924D0A65F0098C24A /* ProfileLandingController.swift */; };
		1EBF012C24D0A6A00098C24A /* ProfileLandingViewModel.swift in Sources */ = {isa = PBXBuildFile; fileRef = 1EBF012B24D0A6A00098C24A /* ProfileLandingViewModel.swift */; };
		1EBF012E24D0A6B00098C24A /* ProfileLandingProtocol.swift in Sources */ = {isa = PBXBuildFile; fileRef = 1EBF012D24D0A6B00098C24A /* ProfileLandingProtocol.swift */; };
		1EBF013424D0A7690098C24A /* ProfileCoordinator.swift in Sources */ = {isa = PBXBuildFile; fileRef = 1EBF013024D0A7690098C24A /* ProfileCoordinator.swift */; };
		1EBF013524D0A7690098C24A /* ProfileCoordinatorProtocol.swift in Sources */ = {isa = PBXBuildFile; fileRef = 1EBF013324D0A7690098C24A /* ProfileCoordinatorProtocol.swift */; };
		1EBF014A24D1E5450098C24A /* ProfileLandingCell.swift in Sources */ = {isa = PBXBuildFile; fileRef = 1EBF014924D1E5450098C24A /* ProfileLandingCell.swift */; };
		1EC5105624E2A87B00A00759 /* ProfileLandingController.xib in Resources */ = {isa = PBXBuildFile; fileRef = 1EBF012324D0A6130098C24A /* ProfileLandingController.xib */; };
		1EC5105924E2A8A400A00759 /* ProfileLandingCell.xib in Resources */ = {isa = PBXBuildFile; fileRef = 1EBF014B24D1E5510098C24A /* ProfileLandingCell.xib */; };
		1EC5105B24E31EFF00A00759 /* ProfileTableViewSection.swift in Sources */ = {isa = PBXBuildFile; fileRef = 1EC5105A24E31EFF00A00759 /* ProfileTableViewSection.swift */; };
		8A76A33424CEB3EB00F02AD9 /* InitialScreenViewController.swift in Sources */ = {isa = PBXBuildFile; fileRef = 8A76A33224CEB3EB00F02AD9 /* InitialScreenViewController.swift */; };
		8A76A33524CEB3EB00F02AD9 /* InitialScreenViewController.xib in Resources */ = {isa = PBXBuildFile; fileRef = 8A76A33324CEB3EB00F02AD9 /* InitialScreenViewController.xib */; };
		8A76A33D24CECB7300F02AD9 /* InitialScreenViewModel.swift in Sources */ = {isa = PBXBuildFile; fileRef = 8A76A33C24CECB7300F02AD9 /* InitialScreenViewModel.swift */; };
		8A76A33F24CECBAE00F02AD9 /* InitialScreenProtocol.swift in Sources */ = {isa = PBXBuildFile; fileRef = 8A76A33E24CECBAE00F02AD9 /* InitialScreenProtocol.swift */; };
		8A76A34124CECC1E00F02AD9 /* InitialScreenCoordinatorProtocol.swift in Sources */ = {isa = PBXBuildFile; fileRef = 8A76A34024CECC1E00F02AD9 /* InitialScreenCoordinatorProtocol.swift */; };
		8A76A34424CED46F00F02AD9 /* InitialScreenCoordinator.swift in Sources */ = {isa = PBXBuildFile; fileRef = 8A76A34324CED46F00F02AD9 /* InitialScreenCoordinator.swift */; };
		8A7D861224D0178D00C87610 /* LoginViewController.swift in Sources */ = {isa = PBXBuildFile; fileRef = 8A7D861024D0178D00C87610 /* LoginViewController.swift */; };
		8A7D861324D0178D00C87610 /* LoginViewController.xib in Resources */ = {isa = PBXBuildFile; fileRef = 8A7D861124D0178D00C87610 /* LoginViewController.xib */; };
		8A7D861B24D02BB000C87610 /* LoginViewModel.swift in Sources */ = {isa = PBXBuildFile; fileRef = 8A7D861A24D02BB000C87610 /* LoginViewModel.swift */; };
		8A7D861D24D02BCE00C87610 /* LoginProtocol.swift in Sources */ = {isa = PBXBuildFile; fileRef = 8A7D861C24D02BCE00C87610 /* LoginProtocol.swift */; };
		8A7D862024D02C2800C87610 /* LoginCoordinatorProtocol.swift in Sources */ = {isa = PBXBuildFile; fileRef = 8A7D861F24D02C2800C87610 /* LoginCoordinatorProtocol.swift */; };
		8A7D862224D02D7D00C87610 /* LoginCoordinator.swift in Sources */ = {isa = PBXBuildFile; fileRef = 8A7D862124D02D7D00C87610 /* LoginCoordinator.swift */; };
		8AA7014C24DBE89F00EEAADE /* LoginModel.swift in Sources */ = {isa = PBXBuildFile; fileRef = 8AA7014B24DBE89F00EEAADE /* LoginModel.swift */; };
		8AA7015024DBE8DF00EEAADE /* LoginResponse.swift in Sources */ = {isa = PBXBuildFile; fileRef = 8AA7014F24DBE8DF00EEAADE /* LoginResponse.swift */; };
		8AA7015224DBEA9A00EEAADE /* AuthPath.swift in Sources */ = {isa = PBXBuildFile; fileRef = 8AA7015124DBEA9A00EEAADE /* AuthPath.swift */; };
		8AA7015424DBEADE00EEAADE /* LoginService.swift in Sources */ = {isa = PBXBuildFile; fileRef = 8AA7015324DBEADE00EEAADE /* LoginService.swift */; };
		8AA7015624DBEDD100EEAADE /* LoginSubPath.swift in Sources */ = {isa = PBXBuildFile; fileRef = 8AA7015524DBEDD100EEAADE /* LoginSubPath.swift */; };
		8AA7015924DBEFD200EEAADE /* LoginNetwork.swift in Sources */ = {isa = PBXBuildFile; fileRef = 8AA7015824DBEFD200EEAADE /* LoginNetwork.swift */; };
		92012F0824B30D1F002303D0 /* AppCoordinator+FeatureCoordinator.swift in Sources */ = {isa = PBXBuildFile; fileRef = 92012F0724B30D1F002303D0 /* AppCoordinator+FeatureCoordinator.swift */; };
		9201314F24B4E368002303D0 /* Appcoordinator+BuildConfiguration.swift in Sources */ = {isa = PBXBuildFile; fileRef = 9201314E24B4E368002303D0 /* Appcoordinator+BuildConfiguration.swift */; };
		9201315124B4E3BC002303D0 /* BuildConfiguration.swift in Sources */ = {isa = PBXBuildFile; fileRef = 9201315024B4E3BC002303D0 /* BuildConfiguration.swift */; };
		920539BB249BA31300AF938C /* Undefined.swift in Sources */ = {isa = PBXBuildFile; fileRef = 920539BA249BA31300AF938C /* Undefined.swift */; };
		92053BE224A1F83A00AF938C /* SampleHomeTests.swift in Sources */ = {isa = PBXBuildFile; fileRef = 92053BE124A1F83A00AF938C /* SampleHomeTests.swift */; };
		920A35062499D61E00F2EABB /* Coordinator.swift in Sources */ = {isa = PBXBuildFile; fileRef = 920A35052499D61E00F2EABB /* Coordinator.swift */; };
		920A35082499D63F00F2EABB /* CoordinatorState.swift in Sources */ = {isa = PBXBuildFile; fileRef = 920A35072499D63F00F2EABB /* CoordinatorState.swift */; };
		920A35B1249B4D0900F2EABB /* SampleHomeViewModel+Network.swift in Sources */ = {isa = PBXBuildFile; fileRef = 920A35B0249B4D0900F2EABB /* SampleHomeViewModel+Network.swift */; };
		920C23C524DAA37F00047D14 /* FacebookSDKHandler.swift in Sources */ = {isa = PBXBuildFile; fileRef = 920C23C424DAA37F00047D14 /* FacebookSDKHandler.swift */; };
		920C25CD24E3A03000047D14 /* RegisterSubPath.swift in Sources */ = {isa = PBXBuildFile; fileRef = 920C25CC24E3A03000047D14 /* RegisterSubPath.swift */; };
		920C25CF24E3A19D00047D14 /* RegisterNetwork.swift in Sources */ = {isa = PBXBuildFile; fileRef = 920C25CE24E3A19D00047D14 /* RegisterNetwork.swift */; };
		920C3F6524A7D00800AF75AE /* SampleHomeCoordinatorProtocol.swift in Sources */ = {isa = PBXBuildFile; fileRef = 920C3F6424A7D00800AF75AE /* SampleHomeCoordinatorProtocol.swift */; };
		920C3F6724A7D23900AF75AE /* SampleProfileCoordinatorProtocol.swift in Sources */ = {isa = PBXBuildFile; fileRef = 920C3F6624A7D23900AF75AE /* SampleProfileCoordinatorProtocol.swift */; };
		9227A24224CFE474004F7952 /* Inter-Black.ttf in Resources */ = {isa = PBXBuildFile; fileRef = 9227A23A24CFE46E004F7952 /* Inter-Black.ttf */; };
		9227A24324CFE479004F7952 /* Inter-Bold.ttf in Resources */ = {isa = PBXBuildFile; fileRef = 9227A23D24CFE46E004F7952 /* Inter-Bold.ttf */; };
		9227A24424CFE479004F7952 /* Inter-ExtraBold.ttf in Resources */ = {isa = PBXBuildFile; fileRef = 9227A24024CFE46E004F7952 /* Inter-ExtraBold.ttf */; };
		9227A24524CFE479004F7952 /* Inter-ExtraLight.ttf in Resources */ = {isa = PBXBuildFile; fileRef = 9227A24124CFE46E004F7952 /* Inter-ExtraLight.ttf */; };
		9227A24624CFE479004F7952 /* Inter-Light.ttf in Resources */ = {isa = PBXBuildFile; fileRef = 9227A23924CFE46E004F7952 /* Inter-Light.ttf */; };
		9227A24724CFE479004F7952 /* Inter-Medium.ttf in Resources */ = {isa = PBXBuildFile; fileRef = 9227A23E24CFE46E004F7952 /* Inter-Medium.ttf */; };
		9227A24824CFE479004F7952 /* Inter-Regular.ttf in Resources */ = {isa = PBXBuildFile; fileRef = 9227A23F24CFE46E004F7952 /* Inter-Regular.ttf */; };
		9227A24924CFE479004F7952 /* Inter-SemiBold.ttf in Resources */ = {isa = PBXBuildFile; fileRef = 9227A23C24CFE46E004F7952 /* Inter-SemiBold.ttf */; };
		9227A24A24CFE479004F7952 /* Inter-Thin.ttf in Resources */ = {isa = PBXBuildFile; fileRef = 9227A23B24CFE46E004F7952 /* Inter-Thin.ttf */; };
		9227A34124D293D5004F7952 /* FirebaseHandler.swift in Sources */ = {isa = PBXBuildFile; fileRef = 9227A34024D293D5004F7952 /* FirebaseHandler.swift */; };
		9227A36124D42937004F7952 /* EmptyModel.swift in Sources */ = {isa = PBXBuildFile; fileRef = 9227A36024D42937004F7952 /* EmptyModel.swift */; };
		9227A38424D7B3D0004F7952 /* AppCoordinator+Firebase.swift in Sources */ = {isa = PBXBuildFile; fileRef = 9227A38324D7B3D0004F7952 /* AppCoordinator+Firebase.swift */; };
		9227A64124D7F230004F7952 /* GoogleSDKHandler.swift in Sources */ = {isa = PBXBuildFile; fileRef = 9227A64024D7F230004F7952 /* GoogleSDKHandler.swift */; };
		9227A74424D9509E004F7952 /* AppCoordinator+GoogleSDK.swift in Sources */ = {isa = PBXBuildFile; fileRef = 9227A74324D9509E004F7952 /* AppCoordinator+GoogleSDK.swift */; };
		92913BCE248D0B8A002D961D /* EmptyResponse.swift in Sources */ = {isa = PBXBuildFile; fileRef = 92913BCD248D0B8A002D961D /* EmptyResponse.swift */; };
		92913BEA248D13A3002D961D /* NetworkService.swift in Sources */ = {isa = PBXBuildFile; fileRef = 92913BE9248D13A3002D961D /* NetworkService.swift */; };
		92B90E502486BB1E00C59DDF /* Localizable.strings in Resources */ = {isa = PBXBuildFile; fileRef = 92B90E522486BB1E00C59DDF /* Localizable.strings */; };
		92B90E582486C72700C59DDF /* MainApp+String.swift in Sources */ = {isa = PBXBuildFile; fileRef = 92B90E572486C72700C59DDF /* MainApp+String.swift */; };
		92C77BF82493798F004C1D86 /* SampleModel.swift in Sources */ = {isa = PBXBuildFile; fileRef = 92C77BF72493798F004C1D86 /* SampleModel.swift */; };
		92C77BFC2493799B004C1D86 /* SampleResponse.swift in Sources */ = {isa = PBXBuildFile; fileRef = 92C77BFB2493799B004C1D86 /* SampleResponse.swift */; };
		92C77BFE24937CFC004C1D86 /* MainApp+NavigationItem.swift in Sources */ = {isa = PBXBuildFile; fileRef = 92C77BFD24937CFC004C1D86 /* MainApp+NavigationItem.swift */; };
		92C77C0124937E4F004C1D86 /* MainApp+NavigationBar.swift in Sources */ = {isa = PBXBuildFile; fileRef = 92C77C0024937E4F004C1D86 /* MainApp+NavigationBar.swift */; };
		92C77C5E24971765004C1D86 /* BasePath.swift in Sources */ = {isa = PBXBuildFile; fileRef = 92C77C5D24971765004C1D86 /* BasePath.swift */; };
		92C77C63249718CE004C1D86 /* SamplePath.swift in Sources */ = {isa = PBXBuildFile; fileRef = 92C77C62249718CE004C1D86 /* SamplePath.swift */; };
		92C77C662497192F004C1D86 /* SampleSubPath.swift in Sources */ = {isa = PBXBuildFile; fileRef = 92C77C652497192F004C1D86 /* SampleSubPath.swift */; };
		92C77C6824971985004C1D86 /* NetworkType.swift in Sources */ = {isa = PBXBuildFile; fileRef = 92C77C6724971985004C1D86 /* NetworkType.swift */; };
		92C77C9E249744CC004C1D86 /* SampleService.swift in Sources */ = {isa = PBXBuildFile; fileRef = 92C77C9D249744CC004C1D86 /* SampleService.swift */; };
		92C77CA124974A83004C1D86 /* SampleNetwork.swift in Sources */ = {isa = PBXBuildFile; fileRef = 92C77CA024974A83004C1D86 /* SampleNetwork.swift */; };
		92C77CA3249754AD004C1D86 /* HTTPTask.swift in Sources */ = {isa = PBXBuildFile; fileRef = 92C77CA2249754AD004C1D86 /* HTTPTask.swift */; };
		92C77CA5249760DF004C1D86 /* AppContext.swift in Sources */ = {isa = PBXBuildFile; fileRef = 92C77CA4249760DF004C1D86 /* AppContext.swift */; };
		92D79E8A2483E534004C4701 /* AppDelegate.swift in Sources */ = {isa = PBXBuildFile; fileRef = 92D79E892483E534004C4701 /* AppDelegate.swift */; };
		92D79E8C2483E534004C4701 /* SceneDelegate.swift in Sources */ = {isa = PBXBuildFile; fileRef = 92D79E8B2483E534004C4701 /* SceneDelegate.swift */; };
		92D79E932483E535004C4701 /* Main.xcassets in Resources */ = {isa = PBXBuildFile; fileRef = 92D79E922483E535004C4701 /* Main.xcassets */; };
		92D79E962483E535004C4701 /* LaunchScreen.storyboard in Resources */ = {isa = PBXBuildFile; fileRef = 92D79E942483E535004C4701 /* LaunchScreen.storyboard */; };
		92D79F072483E873004C4701 /* SampleHomeViewController.swift in Sources */ = {isa = PBXBuildFile; fileRef = 92D79F052483E873004C4701 /* SampleHomeViewController.swift */; };
		92D79F082483E873004C4701 /* SampleHomeViewController.xib in Resources */ = {isa = PBXBuildFile; fileRef = 92D79F062483E873004C4701 /* SampleHomeViewController.xib */; };
		92D79F0A2483E87D004C4701 /* SampleHomeViewModel.swift in Sources */ = {isa = PBXBuildFile; fileRef = 92D79F092483E87D004C4701 /* SampleHomeViewModel.swift */; };
		92D79F0E2483E88C004C4701 /* SampleHomeDetailViewController.swift in Sources */ = {isa = PBXBuildFile; fileRef = 92D79F0C2483E88C004C4701 /* SampleHomeDetailViewController.swift */; };
		92D79F0F2483E88C004C4701 /* SampleHomeDetailViewController.xib in Resources */ = {isa = PBXBuildFile; fileRef = 92D79F0D2483E88C004C4701 /* SampleHomeDetailViewController.xib */; };
		92D79F112483E89A004C4701 /* SampleHomeDetailViewModel.swift in Sources */ = {isa = PBXBuildFile; fileRef = 92D79F102483E89A004C4701 /* SampleHomeDetailViewModel.swift */; };
		92D79F1C2483F35D004C4701 /* Component.framework in Frameworks */ = {isa = PBXBuildFile; fileRef = 92D79F1B2483F35D004C4701 /* Component.framework */; };
		92D79F1D2483F35D004C4701 /* Component.framework in Embed Frameworks */ = {isa = PBXBuildFile; fileRef = 92D79F1B2483F35D004C4701 /* Component.framework */; settings = {ATTRIBUTES = (CodeSignOnCopy, RemoveHeadersOnCopy, ); }; };
		92D79F2624841755004C4701 /* AppCoordinator.swift in Sources */ = {isa = PBXBuildFile; fileRef = 92D79F2524841755004C4701 /* AppCoordinator.swift */; };
		92D79F2924841936004C4701 /* SampleHomeCoordinator.swift in Sources */ = {isa = PBXBuildFile; fileRef = 92D79F2824841936004C4701 /* SampleHomeCoordinator.swift */; };
		92D79F2F24842DDD004C4701 /* SampleHomeProtocol.swift in Sources */ = {isa = PBXBuildFile; fileRef = 92D79F2E24842DDD004C4701 /* SampleHomeProtocol.swift */; };
		92D79F3124842E49004C4701 /* HomeNetwork.swift in Sources */ = {isa = PBXBuildFile; fileRef = 92D79F3024842E49004C4701 /* HomeNetwork.swift */; };
		92D79F3324842E7A004C4701 /* SampleHomeDetailProtocol.swift in Sources */ = {isa = PBXBuildFile; fileRef = 92D79F3224842E7A004C4701 /* SampleHomeDetailProtocol.swift */; };
		92D79F382484DB3E004C4701 /* ProfileNetwork.swift in Sources */ = {isa = PBXBuildFile; fileRef = 92D79F372484DB3E004C4701 /* ProfileNetwork.swift */; };
		92D79F3B2484DB61004C4701 /* SampleProfileCoordinator.swift in Sources */ = {isa = PBXBuildFile; fileRef = 92D79F3A2484DB61004C4701 /* SampleProfileCoordinator.swift */; };
		92D79F3E2484DB7F004C4701 /* SampleProfileProtocol.swift in Sources */ = {isa = PBXBuildFile; fileRef = 92D79F3D2484DB7F004C4701 /* SampleProfileProtocol.swift */; };
		92D79F402484DB87004C4701 /* SampleProfileViewModel.swift in Sources */ = {isa = PBXBuildFile; fileRef = 92D79F3F2484DB87004C4701 /* SampleProfileViewModel.swift */; };
		92D79F432484DB93004C4701 /* SampleProfileViewController.swift in Sources */ = {isa = PBXBuildFile; fileRef = 92D79F412484DB93004C4701 /* SampleProfileViewController.swift */; };
		92D79F442484DB93004C4701 /* SampleProfileViewController.xib in Resources */ = {isa = PBXBuildFile; fileRef = 92D79F422484DB93004C4701 /* SampleProfileViewController.xib */; };
		92D79F4724850153004C4701 /* SampleProfileDetailProtocol.swift in Sources */ = {isa = PBXBuildFile; fileRef = 92D79F4624850153004C4701 /* SampleProfileDetailProtocol.swift */; };
		92D79F492485015C004C4701 /* SampleProfileDetailViewModel.swift in Sources */ = {isa = PBXBuildFile; fileRef = 92D79F482485015C004C4701 /* SampleProfileDetailViewModel.swift */; };
		92D79F4C24850166004C4701 /* SampleProfileDetailViewController.swift in Sources */ = {isa = PBXBuildFile; fileRef = 92D79F4A24850166004C4701 /* SampleProfileDetailViewController.swift */; };
		92D79F4D24850166004C4701 /* SampleProfileDetailViewController.xib in Resources */ = {isa = PBXBuildFile; fileRef = 92D79F4B24850166004C4701 /* SampleProfileDetailViewController.xib */; };
		92D79F5024852CC2004C4701 /* Log.swift in Sources */ = {isa = PBXBuildFile; fileRef = 92D79F4F24852CC2004C4701 /* Log.swift */; };
		9D2C8C6C95637BB845218937 /* Pods_MainAppTests.framework in Frameworks */ = {isa = PBXBuildFile; fileRef = 3304A088087BD629641C29A2 /* Pods_MainAppTests.framework */; };
		EDEADF9DEA3999ED2C0252E7 /* Pods_MainApp.framework in Frameworks */ = {isa = PBXBuildFile; fileRef = B48764ED1D23C52D13F00E17 /* Pods_MainApp.framework */; };
		F5293EAA24D9941F00CA7E87 /* RegisterViewController.swift in Sources */ = {isa = PBXBuildFile; fileRef = F5293EA824D9941F00CA7E87 /* RegisterViewController.swift */; };
		F5293EAB24D9941F00CA7E87 /* RegisterViewController.xib in Resources */ = {isa = PBXBuildFile; fileRef = F5293EA924D9941F00CA7E87 /* RegisterViewController.xib */; };
		F5293EAE24D9AA8000CA7E87 /* RegisterProtocol.swift in Sources */ = {isa = PBXBuildFile; fileRef = F5293EAD24D9AA8000CA7E87 /* RegisterProtocol.swift */; };
		F5293EB024D9AA8F00CA7E87 /* RegisterViewModel.swift in Sources */ = {isa = PBXBuildFile; fileRef = F5293EAF24D9AA8F00CA7E87 /* RegisterViewModel.swift */; };
		F5293EB424D9AB6700CA7E87 /* RegisterCoordinator.swift in Sources */ = {isa = PBXBuildFile; fileRef = F5293EB324D9AB6700CA7E87 /* RegisterCoordinator.swift */; };
		F5293EB624D9AB7E00CA7E87 /* RegisterCoordinatorProtocol.swift in Sources */ = {isa = PBXBuildFile; fileRef = F5293EB524D9AB7E00CA7E87 /* RegisterCoordinatorProtocol.swift */; };
		F5758BD124DFA1F2007E2517 /* RegisterModel.swift in Sources */ = {isa = PBXBuildFile; fileRef = F5758BD024DFA1F2007E2517 /* RegisterModel.swift */; };
		F5758BD524DFA258007E2517 /* RegisterResponse.swift in Sources */ = {isa = PBXBuildFile; fileRef = F5758BD424DFA258007E2517 /* RegisterResponse.swift */; };
		F5758BDA24DFA385007E2517 /* RegisterService.swift in Sources */ = {isa = PBXBuildFile; fileRef = F5758BD924DFA385007E2517 /* RegisterService.swift */; };
		F595D9EC24E280CA006DD353 /* RegisterViewModel+Network.swift in Sources */ = {isa = PBXBuildFile; fileRef = F595D9EB24E280CA006DD353 /* RegisterViewModel+Network.swift */; };
		F595D9F124E28286006DD353 /* RegisterPopUpViewController.swift in Sources */ = {isa = PBXBuildFile; fileRef = F595D9EF24E28286006DD353 /* RegisterPopUpViewController.swift */; };
		F595D9F224E28286006DD353 /* RegisterPopUpViewController.xib in Resources */ = {isa = PBXBuildFile; fileRef = F595D9F024E28286006DD353 /* RegisterPopUpViewController.xib */; };
		F5C44BA324E2B29000ACA1A1 /* Register.xcassets in Resources */ = {isa = PBXBuildFile; fileRef = F5C44BA224E2B29000ACA1A1 /* Register.xcassets */; };
/* End PBXBuildFile section */

/* Begin PBXContainerItemProxy section */
		92913BBD248D07C8002D961D /* PBXContainerItemProxy */ = {
			isa = PBXContainerItemProxy;
			containerPortal = 92913BB8248D07C8002D961D /* Component.xcodeproj */;
			proxyType = 2;
			remoteGlobalIDString = 92D79EB52483E553004C4701;
			remoteInfo = Component;
		};
		92913BBF248D07C8002D961D /* PBXContainerItemProxy */ = {
			isa = PBXContainerItemProxy;
			containerPortal = 92913BB8248D07C8002D961D /* Component.xcodeproj */;
			proxyType = 2;
			remoteGlobalIDString = 92D79EBE2483E553004C4701;
			remoteInfo = ComponentTests;
		};
		92D79E9D2483E535004C4701 /* PBXContainerItemProxy */ = {
			isa = PBXContainerItemProxy;
			containerPortal = 92D79E7E2483E534004C4701 /* Project object */;
			proxyType = 1;
			remoteGlobalIDString = 92D79E852483E534004C4701;
			remoteInfo = MainApp;
		};
/* End PBXContainerItemProxy section */

/* Begin PBXCopyFilesBuildPhase section */
		92D79F1E2483F35E004C4701 /* Embed Frameworks */ = {
			isa = PBXCopyFilesBuildPhase;
			buildActionMask = 2147483647;
			dstPath = "";
			dstSubfolderSpec = 10;
			files = (
				92D79F1D2483F35D004C4701 /* Component.framework in Embed Frameworks */,
			);
			name = "Embed Frameworks";
			runOnlyForDeploymentPostprocessing = 0;
		};
/* End PBXCopyFilesBuildPhase section */

/* Begin PBXFileReference section */
		1E13ABB224D29384005AF3BD /* ProfileAsset.xcassets */ = {isa = PBXFileReference; lastKnownFileType = folder.assetcatalog; path = ProfileAsset.xcassets; sourceTree = "<group>"; };
		1E44DC5124D855C600025AE8 /* EditProfileController.swift */ = {isa = PBXFileReference; lastKnownFileType = sourcecode.swift; path = EditProfileController.swift; sourceTree = "<group>"; };
		1E44DC5524D8560400025AE8 /* EditProfileController.xib */ = {isa = PBXFileReference; lastKnownFileType = file.xib; path = EditProfileController.xib; sourceTree = "<group>"; };
		1E44DC5724D8562D00025AE8 /* EditProfileProtocol.swift */ = {isa = PBXFileReference; lastKnownFileType = sourcecode.swift; path = EditProfileProtocol.swift; sourceTree = "<group>"; };
		1E44DC5924D8563C00025AE8 /* EditProfileViewModel.swift */ = {isa = PBXFileReference; lastKnownFileType = sourcecode.swift; path = EditProfileViewModel.swift; sourceTree = "<group>"; };
		1E4A4AD324DDD815004795AB /* ProfileCoordinatorConstant.swift */ = {isa = PBXFileReference; lastKnownFileType = sourcecode.swift; path = ProfileCoordinatorConstant.swift; sourceTree = "<group>"; };
		1EB0167F24DC820E00C76109 /* ProfileModel.swift */ = {isa = PBXFileReference; lastKnownFileType = sourcecode.swift; path = ProfileModel.swift; sourceTree = "<group>"; };
		1EB0168124DC828E00C76109 /* ProfileResponse.swift */ = {isa = PBXFileReference; lastKnownFileType = sourcecode.swift; path = ProfileResponse.swift; sourceTree = "<group>"; };
		1EB0168324DC843E00C76109 /* ProfileService.swift */ = {isa = PBXFileReference; lastKnownFileType = sourcecode.swift; path = ProfileService.swift; sourceTree = "<group>"; };
		1EB0168524DC860300C76109 /* ProfilePath.swift */ = {isa = PBXFileReference; lastKnownFileType = sourcecode.swift; name = ProfilePath.swift; path = MainApp/Network/Service/ProfilePath.swift; sourceTree = SOURCE_ROOT; };
		1EB0168724DC871600C76109 /* ProfileSubPath.swift */ = {isa = PBXFileReference; lastKnownFileType = sourcecode.swift; name = ProfileSubPath.swift; path = MainApp/Network/Service/ProfileSubPath.swift; sourceTree = SOURCE_ROOT; };
		1EBF012324D0A6130098C24A /* ProfileLandingController.xib */ = {isa = PBXFileReference; lastKnownFileType = file.xib; path = ProfileLandingController.xib; sourceTree = "<group>"; };
		1EBF012924D0A65F0098C24A /* ProfileLandingController.swift */ = {isa = PBXFileReference; lastKnownFileType = sourcecode.swift; path = ProfileLandingController.swift; sourceTree = "<group>"; };
		1EBF012B24D0A6A00098C24A /* ProfileLandingViewModel.swift */ = {isa = PBXFileReference; lastKnownFileType = sourcecode.swift; path = ProfileLandingViewModel.swift; sourceTree = "<group>"; };
		1EBF012D24D0A6B00098C24A /* ProfileLandingProtocol.swift */ = {isa = PBXFileReference; lastKnownFileType = sourcecode.swift; path = ProfileLandingProtocol.swift; sourceTree = "<group>"; };
		1EBF013024D0A7690098C24A /* ProfileCoordinator.swift */ = {isa = PBXFileReference; fileEncoding = 4; lastKnownFileType = sourcecode.swift; path = ProfileCoordinator.swift; sourceTree = "<group>"; };
		1EBF013324D0A7690098C24A /* ProfileCoordinatorProtocol.swift */ = {isa = PBXFileReference; fileEncoding = 4; lastKnownFileType = sourcecode.swift; path = ProfileCoordinatorProtocol.swift; sourceTree = "<group>"; };
		1EBF014924D1E5450098C24A /* ProfileLandingCell.swift */ = {isa = PBXFileReference; lastKnownFileType = sourcecode.swift; path = ProfileLandingCell.swift; sourceTree = "<group>"; };
		1EBF014B24D1E5510098C24A /* ProfileLandingCell.xib */ = {isa = PBXFileReference; lastKnownFileType = file.xib; path = ProfileLandingCell.xib; sourceTree = "<group>"; };
		1EC5105A24E31EFF00A00759 /* ProfileTableViewSection.swift */ = {isa = PBXFileReference; lastKnownFileType = sourcecode.swift; path = ProfileTableViewSection.swift; sourceTree = "<group>"; };
		3304A088087BD629641C29A2 /* Pods_MainAppTests.framework */ = {isa = PBXFileReference; explicitFileType = wrapper.framework; includeInIndex = 0; path = Pods_MainAppTests.framework; sourceTree = BUILT_PRODUCTS_DIR; };
		890F374CBAEFBDEFACC50A10 /* Pods-MainApp.debug.xcconfig */ = {isa = PBXFileReference; includeInIndex = 1; lastKnownFileType = text.xcconfig; name = "Pods-MainApp.debug.xcconfig"; path = "Target Support Files/Pods-MainApp/Pods-MainApp.debug.xcconfig"; sourceTree = "<group>"; };
		8A76A33224CEB3EB00F02AD9 /* InitialScreenViewController.swift */ = {isa = PBXFileReference; lastKnownFileType = sourcecode.swift; path = InitialScreenViewController.swift; sourceTree = "<group>"; };
		8A76A33324CEB3EB00F02AD9 /* InitialScreenViewController.xib */ = {isa = PBXFileReference; lastKnownFileType = file.xib; path = InitialScreenViewController.xib; sourceTree = "<group>"; };
		8A76A33C24CECB7300F02AD9 /* InitialScreenViewModel.swift */ = {isa = PBXFileReference; lastKnownFileType = sourcecode.swift; path = InitialScreenViewModel.swift; sourceTree = "<group>"; };
		8A76A33E24CECBAE00F02AD9 /* InitialScreenProtocol.swift */ = {isa = PBXFileReference; lastKnownFileType = sourcecode.swift; path = InitialScreenProtocol.swift; sourceTree = "<group>"; };
		8A76A34024CECC1E00F02AD9 /* InitialScreenCoordinatorProtocol.swift */ = {isa = PBXFileReference; lastKnownFileType = sourcecode.swift; path = InitialScreenCoordinatorProtocol.swift; sourceTree = "<group>"; };
		8A76A34324CED46F00F02AD9 /* InitialScreenCoordinator.swift */ = {isa = PBXFileReference; lastKnownFileType = sourcecode.swift; path = InitialScreenCoordinator.swift; sourceTree = "<group>"; };
		8A7D861024D0178D00C87610 /* LoginViewController.swift */ = {isa = PBXFileReference; lastKnownFileType = sourcecode.swift; path = LoginViewController.swift; sourceTree = "<group>"; };
		8A7D861124D0178D00C87610 /* LoginViewController.xib */ = {isa = PBXFileReference; lastKnownFileType = file.xib; path = LoginViewController.xib; sourceTree = "<group>"; };
		8A7D861A24D02BB000C87610 /* LoginViewModel.swift */ = {isa = PBXFileReference; lastKnownFileType = sourcecode.swift; path = LoginViewModel.swift; sourceTree = "<group>"; };
		8A7D861C24D02BCE00C87610 /* LoginProtocol.swift */ = {isa = PBXFileReference; lastKnownFileType = sourcecode.swift; path = LoginProtocol.swift; sourceTree = "<group>"; };
		8A7D861F24D02C2800C87610 /* LoginCoordinatorProtocol.swift */ = {isa = PBXFileReference; lastKnownFileType = sourcecode.swift; path = LoginCoordinatorProtocol.swift; sourceTree = "<group>"; };
		8A7D862124D02D7D00C87610 /* LoginCoordinator.swift */ = {isa = PBXFileReference; lastKnownFileType = sourcecode.swift; path = LoginCoordinator.swift; sourceTree = "<group>"; };
		8AA7014B24DBE89F00EEAADE /* LoginModel.swift */ = {isa = PBXFileReference; lastKnownFileType = sourcecode.swift; path = LoginModel.swift; sourceTree = "<group>"; };
		8AA7014F24DBE8DF00EEAADE /* LoginResponse.swift */ = {isa = PBXFileReference; lastKnownFileType = sourcecode.swift; path = LoginResponse.swift; sourceTree = "<group>"; };
		8AA7015124DBEA9A00EEAADE /* AuthPath.swift */ = {isa = PBXFileReference; lastKnownFileType = sourcecode.swift; path = AuthPath.swift; sourceTree = "<group>"; };
		8AA7015324DBEADE00EEAADE /* LoginService.swift */ = {isa = PBXFileReference; lastKnownFileType = sourcecode.swift; path = LoginService.swift; sourceTree = "<group>"; };
		8AA7015524DBEDD100EEAADE /* LoginSubPath.swift */ = {isa = PBXFileReference; lastKnownFileType = sourcecode.swift; path = LoginSubPath.swift; sourceTree = "<group>"; };
		8AA7015824DBEFD200EEAADE /* LoginNetwork.swift */ = {isa = PBXFileReference; lastKnownFileType = sourcecode.swift; path = LoginNetwork.swift; sourceTree = "<group>"; };
		92012F0724B30D1F002303D0 /* AppCoordinator+FeatureCoordinator.swift */ = {isa = PBXFileReference; lastKnownFileType = sourcecode.swift; path = "AppCoordinator+FeatureCoordinator.swift"; sourceTree = "<group>"; };
		9201314E24B4E368002303D0 /* Appcoordinator+BuildConfiguration.swift */ = {isa = PBXFileReference; lastKnownFileType = sourcecode.swift; path = "Appcoordinator+BuildConfiguration.swift"; sourceTree = "<group>"; };
		9201315024B4E3BC002303D0 /* BuildConfiguration.swift */ = {isa = PBXFileReference; lastKnownFileType = sourcecode.swift; path = BuildConfiguration.swift; sourceTree = "<group>"; };
		920539BA249BA31300AF938C /* Undefined.swift */ = {isa = PBXFileReference; lastKnownFileType = sourcecode.swift; path = Undefined.swift; sourceTree = "<group>"; };
		92053BE124A1F83A00AF938C /* SampleHomeTests.swift */ = {isa = PBXFileReference; lastKnownFileType = sourcecode.swift; path = SampleHomeTests.swift; sourceTree = "<group>"; };
		920A35052499D61E00F2EABB /* Coordinator.swift */ = {isa = PBXFileReference; lastKnownFileType = sourcecode.swift; path = Coordinator.swift; sourceTree = "<group>"; };
		920A35072499D63F00F2EABB /* CoordinatorState.swift */ = {isa = PBXFileReference; lastKnownFileType = sourcecode.swift; path = CoordinatorState.swift; sourceTree = "<group>"; };
		920A35B0249B4D0900F2EABB /* SampleHomeViewModel+Network.swift */ = {isa = PBXFileReference; lastKnownFileType = sourcecode.swift; path = "SampleHomeViewModel+Network.swift"; sourceTree = "<group>"; };
		920C23C424DAA37F00047D14 /* FacebookSDKHandler.swift */ = {isa = PBXFileReference; lastKnownFileType = sourcecode.swift; path = FacebookSDKHandler.swift; sourceTree = "<group>"; };
		920C23C624DAB1DD00047D14 /* GoogleService-Info.plist */ = {isa = PBXFileReference; fileEncoding = 4; lastKnownFileType = text.plist.xml; name = "GoogleService-Info.plist"; path = "../../../../../../Downloads/GoogleService-Info.plist"; sourceTree = "<group>"; };
		920C25CC24E3A03000047D14 /* RegisterSubPath.swift */ = {isa = PBXFileReference; lastKnownFileType = sourcecode.swift; path = RegisterSubPath.swift; sourceTree = "<group>"; };
		920C25CE24E3A19D00047D14 /* RegisterNetwork.swift */ = {isa = PBXFileReference; lastKnownFileType = sourcecode.swift; path = RegisterNetwork.swift; sourceTree = "<group>"; };
		920C3F6424A7D00800AF75AE /* SampleHomeCoordinatorProtocol.swift */ = {isa = PBXFileReference; lastKnownFileType = sourcecode.swift; path = SampleHomeCoordinatorProtocol.swift; sourceTree = "<group>"; };
		920C3F6624A7D23900AF75AE /* SampleProfileCoordinatorProtocol.swift */ = {isa = PBXFileReference; lastKnownFileType = sourcecode.swift; path = SampleProfileCoordinatorProtocol.swift; sourceTree = "<group>"; };
		9227A23924CFE46E004F7952 /* Inter-Light.ttf */ = {isa = PBXFileReference; lastKnownFileType = file; path = "Inter-Light.ttf"; sourceTree = "<group>"; };
		9227A23A24CFE46E004F7952 /* Inter-Black.ttf */ = {isa = PBXFileReference; lastKnownFileType = file; path = "Inter-Black.ttf"; sourceTree = "<group>"; };
		9227A23B24CFE46E004F7952 /* Inter-Thin.ttf */ = {isa = PBXFileReference; lastKnownFileType = file; path = "Inter-Thin.ttf"; sourceTree = "<group>"; };
		9227A23C24CFE46E004F7952 /* Inter-SemiBold.ttf */ = {isa = PBXFileReference; lastKnownFileType = file; path = "Inter-SemiBold.ttf"; sourceTree = "<group>"; };
		9227A23D24CFE46E004F7952 /* Inter-Bold.ttf */ = {isa = PBXFileReference; lastKnownFileType = file; path = "Inter-Bold.ttf"; sourceTree = "<group>"; };
		9227A23E24CFE46E004F7952 /* Inter-Medium.ttf */ = {isa = PBXFileReference; lastKnownFileType = file; path = "Inter-Medium.ttf"; sourceTree = "<group>"; };
		9227A23F24CFE46E004F7952 /* Inter-Regular.ttf */ = {isa = PBXFileReference; lastKnownFileType = file; path = "Inter-Regular.ttf"; sourceTree = "<group>"; };
		9227A24024CFE46E004F7952 /* Inter-ExtraBold.ttf */ = {isa = PBXFileReference; lastKnownFileType = file; path = "Inter-ExtraBold.ttf"; sourceTree = "<group>"; };
		9227A24124CFE46E004F7952 /* Inter-ExtraLight.ttf */ = {isa = PBXFileReference; lastKnownFileType = file; path = "Inter-ExtraLight.ttf"; sourceTree = "<group>"; };
		9227A34024D293D5004F7952 /* FirebaseHandler.swift */ = {isa = PBXFileReference; lastKnownFileType = sourcecode.swift; path = FirebaseHandler.swift; sourceTree = "<group>"; };
		9227A36024D42937004F7952 /* EmptyModel.swift */ = {isa = PBXFileReference; lastKnownFileType = sourcecode.swift; path = EmptyModel.swift; sourceTree = "<group>"; };
		9227A38324D7B3D0004F7952 /* AppCoordinator+Firebase.swift */ = {isa = PBXFileReference; lastKnownFileType = sourcecode.swift; path = "AppCoordinator+Firebase.swift"; sourceTree = "<group>"; };
		9227A64024D7F230004F7952 /* GoogleSDKHandler.swift */ = {isa = PBXFileReference; lastKnownFileType = sourcecode.swift; path = GoogleSDKHandler.swift; sourceTree = "<group>"; };
		9227A74324D9509E004F7952 /* AppCoordinator+GoogleSDK.swift */ = {isa = PBXFileReference; lastKnownFileType = sourcecode.swift; path = "AppCoordinator+GoogleSDK.swift"; sourceTree = "<group>"; };
		92324BAE24C6D5E000FDFC3E /* Debug.xcconfig */ = {isa = PBXFileReference; lastKnownFileType = text.xcconfig; path = Debug.xcconfig; sourceTree = "<group>"; };
		92913BB8248D07C8002D961D /* Component.xcodeproj */ = {isa = PBXFileReference; lastKnownFileType = "wrapper.pb-project"; name = Component.xcodeproj; path = ../Component/Component.xcodeproj; sourceTree = "<group>"; };
		92913BCD248D0B8A002D961D /* EmptyResponse.swift */ = {isa = PBXFileReference; lastKnownFileType = sourcecode.swift; path = EmptyResponse.swift; sourceTree = "<group>"; };
		92913BE9248D13A3002D961D /* NetworkService.swift */ = {isa = PBXFileReference; lastKnownFileType = sourcecode.swift; path = NetworkService.swift; sourceTree = "<group>"; };
		92B90E4D2486BADF00C59DDF /* id-ID */ = {isa = PBXFileReference; lastKnownFileType = text.plist.strings; name = "id-ID"; path = "id-ID.lproj/LaunchScreen.strings"; sourceTree = "<group>"; };
		92B90E512486BB1E00C59DDF /* en */ = {isa = PBXFileReference; lastKnownFileType = text.plist.strings; name = en; path = en.lproj/Localizable.strings; sourceTree = "<group>"; };
		92B90E542486BB3800C59DDF /* id-ID */ = {isa = PBXFileReference; lastKnownFileType = text.plist.strings; name = "id-ID"; path = "id-ID.lproj/Localizable.strings"; sourceTree = "<group>"; };
		92B90E572486C72700C59DDF /* MainApp+String.swift */ = {isa = PBXFileReference; lastKnownFileType = sourcecode.swift; path = "MainApp+String.swift"; sourceTree = "<group>"; };
		92C77BF72493798F004C1D86 /* SampleModel.swift */ = {isa = PBXFileReference; lastKnownFileType = sourcecode.swift; path = SampleModel.swift; sourceTree = "<group>"; };
		92C77BFB2493799B004C1D86 /* SampleResponse.swift */ = {isa = PBXFileReference; lastKnownFileType = sourcecode.swift; path = SampleResponse.swift; sourceTree = "<group>"; };
		92C77BFD24937CFC004C1D86 /* MainApp+NavigationItem.swift */ = {isa = PBXFileReference; lastKnownFileType = sourcecode.swift; path = "MainApp+NavigationItem.swift"; sourceTree = "<group>"; };
		92C77C0024937E4F004C1D86 /* MainApp+NavigationBar.swift */ = {isa = PBXFileReference; lastKnownFileType = sourcecode.swift; path = "MainApp+NavigationBar.swift"; sourceTree = "<group>"; };
		92C77C5D24971765004C1D86 /* BasePath.swift */ = {isa = PBXFileReference; lastKnownFileType = sourcecode.swift; path = BasePath.swift; sourceTree = "<group>"; };
		92C77C62249718CE004C1D86 /* SamplePath.swift */ = {isa = PBXFileReference; lastKnownFileType = sourcecode.swift; path = SamplePath.swift; sourceTree = "<group>"; };
		92C77C652497192F004C1D86 /* SampleSubPath.swift */ = {isa = PBXFileReference; lastKnownFileType = sourcecode.swift; path = SampleSubPath.swift; sourceTree = "<group>"; };
		92C77C6724971985004C1D86 /* NetworkType.swift */ = {isa = PBXFileReference; lastKnownFileType = sourcecode.swift; path = NetworkType.swift; sourceTree = "<group>"; };
		92C77C9D249744CC004C1D86 /* SampleService.swift */ = {isa = PBXFileReference; lastKnownFileType = sourcecode.swift; path = SampleService.swift; sourceTree = "<group>"; };
		92C77CA024974A83004C1D86 /* SampleNetwork.swift */ = {isa = PBXFileReference; lastKnownFileType = sourcecode.swift; path = SampleNetwork.swift; sourceTree = "<group>"; };
		92C77CA2249754AD004C1D86 /* HTTPTask.swift */ = {isa = PBXFileReference; lastKnownFileType = sourcecode.swift; path = HTTPTask.swift; sourceTree = "<group>"; };
		92C77CA4249760DF004C1D86 /* AppContext.swift */ = {isa = PBXFileReference; lastKnownFileType = sourcecode.swift; path = AppContext.swift; sourceTree = "<group>"; };
		92D79E862483E534004C4701 /* MainApp.app */ = {isa = PBXFileReference; explicitFileType = wrapper.application; includeInIndex = 0; path = MainApp.app; sourceTree = BUILT_PRODUCTS_DIR; };
		92D79E892483E534004C4701 /* AppDelegate.swift */ = {isa = PBXFileReference; lastKnownFileType = sourcecode.swift; path = AppDelegate.swift; sourceTree = "<group>"; };
		92D79E8B2483E534004C4701 /* SceneDelegate.swift */ = {isa = PBXFileReference; lastKnownFileType = sourcecode.swift; path = SceneDelegate.swift; sourceTree = "<group>"; };
		92D79E922483E535004C4701 /* Main.xcassets */ = {isa = PBXFileReference; lastKnownFileType = folder.assetcatalog; path = Main.xcassets; sourceTree = "<group>"; };
		92D79E952483E535004C4701 /* Base */ = {isa = PBXFileReference; lastKnownFileType = file.storyboard; name = Base; path = Base.lproj/LaunchScreen.storyboard; sourceTree = "<group>"; };
		92D79E972483E535004C4701 /* Info.plist */ = {isa = PBXFileReference; lastKnownFileType = text.plist.xml; path = Info.plist; sourceTree = "<group>"; };
		92D79E9C2483E535004C4701 /* MainAppTests.xctest */ = {isa = PBXFileReference; explicitFileType = wrapper.cfbundle; includeInIndex = 0; path = MainAppTests.xctest; sourceTree = BUILT_PRODUCTS_DIR; };
		92D79EA22483E535004C4701 /* Info.plist */ = {isa = PBXFileReference; lastKnownFileType = text.plist.xml; path = Info.plist; sourceTree = "<group>"; };
		92D79F052483E873004C4701 /* SampleHomeViewController.swift */ = {isa = PBXFileReference; lastKnownFileType = sourcecode.swift; path = SampleHomeViewController.swift; sourceTree = "<group>"; };
		92D79F062483E873004C4701 /* SampleHomeViewController.xib */ = {isa = PBXFileReference; lastKnownFileType = file.xib; path = SampleHomeViewController.xib; sourceTree = "<group>"; };
		92D79F092483E87D004C4701 /* SampleHomeViewModel.swift */ = {isa = PBXFileReference; lastKnownFileType = sourcecode.swift; path = SampleHomeViewModel.swift; sourceTree = "<group>"; };
		92D79F0C2483E88C004C4701 /* SampleHomeDetailViewController.swift */ = {isa = PBXFileReference; lastKnownFileType = sourcecode.swift; path = SampleHomeDetailViewController.swift; sourceTree = "<group>"; };
		92D79F0D2483E88C004C4701 /* SampleHomeDetailViewController.xib */ = {isa = PBXFileReference; lastKnownFileType = file.xib; path = SampleHomeDetailViewController.xib; sourceTree = "<group>"; };
		92D79F102483E89A004C4701 /* SampleHomeDetailViewModel.swift */ = {isa = PBXFileReference; lastKnownFileType = sourcecode.swift; path = SampleHomeDetailViewModel.swift; sourceTree = "<group>"; };
		92D79F1B2483F35D004C4701 /* Component.framework */ = {isa = PBXFileReference; explicitFileType = wrapper.framework; path = Component.framework; sourceTree = BUILT_PRODUCTS_DIR; };
		92D79F2524841755004C4701 /* AppCoordinator.swift */ = {isa = PBXFileReference; lastKnownFileType = sourcecode.swift; path = AppCoordinator.swift; sourceTree = "<group>"; };
		92D79F2824841936004C4701 /* SampleHomeCoordinator.swift */ = {isa = PBXFileReference; lastKnownFileType = sourcecode.swift; path = SampleHomeCoordinator.swift; sourceTree = "<group>"; };
		92D79F2E24842DDD004C4701 /* SampleHomeProtocol.swift */ = {isa = PBXFileReference; lastKnownFileType = sourcecode.swift; path = SampleHomeProtocol.swift; sourceTree = "<group>"; };
		92D79F3024842E49004C4701 /* HomeNetwork.swift */ = {isa = PBXFileReference; lastKnownFileType = sourcecode.swift; path = HomeNetwork.swift; sourceTree = "<group>"; };
		92D79F3224842E7A004C4701 /* SampleHomeDetailProtocol.swift */ = {isa = PBXFileReference; lastKnownFileType = sourcecode.swift; path = SampleHomeDetailProtocol.swift; sourceTree = "<group>"; };
		92D79F372484DB3E004C4701 /* ProfileNetwork.swift */ = {isa = PBXFileReference; lastKnownFileType = sourcecode.swift; path = ProfileNetwork.swift; sourceTree = "<group>"; };
		92D79F3A2484DB61004C4701 /* SampleProfileCoordinator.swift */ = {isa = PBXFileReference; lastKnownFileType = sourcecode.swift; path = SampleProfileCoordinator.swift; sourceTree = "<group>"; };
		92D79F3D2484DB7F004C4701 /* SampleProfileProtocol.swift */ = {isa = PBXFileReference; lastKnownFileType = sourcecode.swift; path = SampleProfileProtocol.swift; sourceTree = "<group>"; };
		92D79F3F2484DB87004C4701 /* SampleProfileViewModel.swift */ = {isa = PBXFileReference; lastKnownFileType = sourcecode.swift; path = SampleProfileViewModel.swift; sourceTree = "<group>"; };
		92D79F412484DB93004C4701 /* SampleProfileViewController.swift */ = {isa = PBXFileReference; lastKnownFileType = sourcecode.swift; path = SampleProfileViewController.swift; sourceTree = "<group>"; };
		92D79F422484DB93004C4701 /* SampleProfileViewController.xib */ = {isa = PBXFileReference; lastKnownFileType = file.xib; path = SampleProfileViewController.xib; sourceTree = "<group>"; };
		92D79F4624850153004C4701 /* SampleProfileDetailProtocol.swift */ = {isa = PBXFileReference; lastKnownFileType = sourcecode.swift; path = SampleProfileDetailProtocol.swift; sourceTree = "<group>"; };
		92D79F482485015C004C4701 /* SampleProfileDetailViewModel.swift */ = {isa = PBXFileReference; lastKnownFileType = sourcecode.swift; path = SampleProfileDetailViewModel.swift; sourceTree = "<group>"; };
		92D79F4A24850166004C4701 /* SampleProfileDetailViewController.swift */ = {isa = PBXFileReference; lastKnownFileType = sourcecode.swift; path = SampleProfileDetailViewController.swift; sourceTree = "<group>"; };
		92D79F4B24850166004C4701 /* SampleProfileDetailViewController.xib */ = {isa = PBXFileReference; lastKnownFileType = file.xib; path = SampleProfileDetailViewController.xib; sourceTree = "<group>"; };
		92D79F4F24852CC2004C4701 /* Log.swift */ = {isa = PBXFileReference; lastKnownFileType = sourcecode.swift; path = Log.swift; sourceTree = "<group>"; };
		AE2BE8FE29B4275EF2FB889F /* Pods-MainAppTests.debug.xcconfig */ = {isa = PBXFileReference; includeInIndex = 1; lastKnownFileType = text.xcconfig; name = "Pods-MainAppTests.debug.xcconfig"; path = "Target Support Files/Pods-MainAppTests/Pods-MainAppTests.debug.xcconfig"; sourceTree = "<group>"; };
		B48764ED1D23C52D13F00E17 /* Pods_MainApp.framework */ = {isa = PBXFileReference; explicitFileType = wrapper.framework; includeInIndex = 0; path = Pods_MainApp.framework; sourceTree = BUILT_PRODUCTS_DIR; };
		EC0E518FA3EDC1935792999D /* Pods-MainApp.release.xcconfig */ = {isa = PBXFileReference; includeInIndex = 1; lastKnownFileType = text.xcconfig; name = "Pods-MainApp.release.xcconfig"; path = "Target Support Files/Pods-MainApp/Pods-MainApp.release.xcconfig"; sourceTree = "<group>"; };
		F5293EA824D9941F00CA7E87 /* RegisterViewController.swift */ = {isa = PBXFileReference; lastKnownFileType = sourcecode.swift; path = RegisterViewController.swift; sourceTree = "<group>"; };
		F5293EA924D9941F00CA7E87 /* RegisterViewController.xib */ = {isa = PBXFileReference; lastKnownFileType = file.xib; path = RegisterViewController.xib; sourceTree = "<group>"; };
		F5293EAD24D9AA8000CA7E87 /* RegisterProtocol.swift */ = {isa = PBXFileReference; lastKnownFileType = sourcecode.swift; path = RegisterProtocol.swift; sourceTree = "<group>"; };
		F5293EAF24D9AA8F00CA7E87 /* RegisterViewModel.swift */ = {isa = PBXFileReference; lastKnownFileType = sourcecode.swift; path = RegisterViewModel.swift; sourceTree = "<group>"; };
		F5293EB324D9AB6700CA7E87 /* RegisterCoordinator.swift */ = {isa = PBXFileReference; lastKnownFileType = sourcecode.swift; path = RegisterCoordinator.swift; sourceTree = "<group>"; };
		F5293EB524D9AB7E00CA7E87 /* RegisterCoordinatorProtocol.swift */ = {isa = PBXFileReference; lastKnownFileType = sourcecode.swift; path = RegisterCoordinatorProtocol.swift; sourceTree = "<group>"; };
		F5758BD024DFA1F2007E2517 /* RegisterModel.swift */ = {isa = PBXFileReference; lastKnownFileType = sourcecode.swift; path = RegisterModel.swift; sourceTree = "<group>"; };
		F5758BD424DFA258007E2517 /* RegisterResponse.swift */ = {isa = PBXFileReference; lastKnownFileType = sourcecode.swift; path = RegisterResponse.swift; sourceTree = "<group>"; };
		F5758BD924DFA385007E2517 /* RegisterService.swift */ = {isa = PBXFileReference; lastKnownFileType = sourcecode.swift; path = RegisterService.swift; sourceTree = "<group>"; };
		F595D9EB24E280CA006DD353 /* RegisterViewModel+Network.swift */ = {isa = PBXFileReference; lastKnownFileType = sourcecode.swift; path = "RegisterViewModel+Network.swift"; sourceTree = "<group>"; };
		F595D9EF24E28286006DD353 /* RegisterPopUpViewController.swift */ = {isa = PBXFileReference; lastKnownFileType = sourcecode.swift; path = RegisterPopUpViewController.swift; sourceTree = "<group>"; };
		F595D9F024E28286006DD353 /* RegisterPopUpViewController.xib */ = {isa = PBXFileReference; lastKnownFileType = file.xib; path = RegisterPopUpViewController.xib; sourceTree = "<group>"; };
		F5C44BA224E2B29000ACA1A1 /* Register.xcassets */ = {isa = PBXFileReference; lastKnownFileType = folder.assetcatalog; name = Register.xcassets; path = MainApp/Feature/Register/Register.xcassets; sourceTree = SOURCE_ROOT; };
		FD3077CE7FF8C7A3449D06CF /* Pods-MainAppTests.release.xcconfig */ = {isa = PBXFileReference; includeInIndex = 1; lastKnownFileType = text.xcconfig; name = "Pods-MainAppTests.release.xcconfig"; path = "Target Support Files/Pods-MainAppTests/Pods-MainAppTests.release.xcconfig"; sourceTree = "<group>"; };
/* End PBXFileReference section */

/* Begin PBXFrameworksBuildPhase section */
		92D79E832483E534004C4701 /* Frameworks */ = {
			isa = PBXFrameworksBuildPhase;
			buildActionMask = 2147483647;
			files = (
				92D79F1C2483F35D004C4701 /* Component.framework in Frameworks */,
				EDEADF9DEA3999ED2C0252E7 /* Pods_MainApp.framework in Frameworks */,
			);
			runOnlyForDeploymentPostprocessing = 0;
		};
		92D79E992483E535004C4701 /* Frameworks */ = {
			isa = PBXFrameworksBuildPhase;
			buildActionMask = 2147483647;
			files = (
				9D2C8C6C95637BB845218937 /* Pods_MainAppTests.framework in Frameworks */,
			);
			runOnlyForDeploymentPostprocessing = 0;
		};
/* End PBXFrameworksBuildPhase section */

/* Begin PBXGroup section */
		1EB0167724DC7AD200C76109 /* ProfileLanding */ = {
			isa = PBXGroup;
			children = (
				1EBF012324D0A6130098C24A /* ProfileLandingController.xib */,
				1EBF012924D0A65F0098C24A /* ProfileLandingController.swift */,
				1EBF012B24D0A6A00098C24A /* ProfileLandingViewModel.swift */,
				1EBF012D24D0A6B00098C24A /* ProfileLandingProtocol.swift */,
				1EC5105A24E31EFF00A00759 /* ProfileTableViewSection.swift */,
				1EB0167C24DC7DCF00C76109 /* ProfileLandingCell */,
			);
			path = ProfileLanding;
			sourceTree = "<group>";
		};
		1EB0167A24DC7AF500C76109 /* EditProfile */ = {
			isa = PBXGroup;
			children = (
				1E44DC5124D855C600025AE8 /* EditProfileController.swift */,
				1E44DC5524D8560400025AE8 /* EditProfileController.xib */,
				1E44DC5724D8562D00025AE8 /* EditProfileProtocol.swift */,
				1E44DC5924D8563C00025AE8 /* EditProfileViewModel.swift */,
			);
			path = EditProfile;
			sourceTree = "<group>";
		};
		1EB0167C24DC7DCF00C76109 /* ProfileLandingCell */ = {
			isa = PBXGroup;
			children = (
				1EBF014924D1E5450098C24A /* ProfileLandingCell.swift */,
				1EBF014B24D1E5510098C24A /* ProfileLandingCell.xib */,
			);
			path = ProfileLandingCell;
			sourceTree = "<group>";
		};
		76F9B2BBC29537A10464E1F6 /* Pods */ = {
			isa = PBXGroup;
			children = (
				890F374CBAEFBDEFACC50A10 /* Pods-MainApp.debug.xcconfig */,
				EC0E518FA3EDC1935792999D /* Pods-MainApp.release.xcconfig */,
				AE2BE8FE29B4275EF2FB889F /* Pods-MainAppTests.debug.xcconfig */,
				FD3077CE7FF8C7A3449D06CF /* Pods-MainAppTests.release.xcconfig */,
			);
			name = Pods;
			path = ../Pods;
			sourceTree = "<group>";
		};
		8A76A33124CEB15800F02AD9 /* Splash */ = {
			isa = PBXGroup;
			children = (
				8A76A33224CEB3EB00F02AD9 /* InitialScreenViewController.swift */,
				8A76A33324CEB3EB00F02AD9 /* InitialScreenViewController.xib */,
				8A76A33C24CECB7300F02AD9 /* InitialScreenViewModel.swift */,
				8A76A33E24CECBAE00F02AD9 /* InitialScreenProtocol.swift */,
			);
			path = Splash;
			sourceTree = "<group>";
		};
		8A76A34724CEF60200F02AD9 /* Splash */ = {
			isa = PBXGroup;
			children = (
				8A76A34024CECC1E00F02AD9 /* InitialScreenCoordinatorProtocol.swift */,
				8A76A34324CED46F00F02AD9 /* InitialScreenCoordinator.swift */,
			);
			path = Splash;
			sourceTree = "<group>";
		};
		8A7D860C24D0177200C87610 /* Login */ = {
			isa = PBXGroup;
			children = (
				8A7D861024D0178D00C87610 /* LoginViewController.swift */,
				8A7D861124D0178D00C87610 /* LoginViewController.xib */,
				8A7D861A24D02BB000C87610 /* LoginViewModel.swift */,
				8A7D861C24D02BCE00C87610 /* LoginProtocol.swift */,
			);
			path = Login;
			sourceTree = "<group>";
		};
		8A7D861E24D02C1400C87610 /* Login */ = {
			isa = PBXGroup;
			children = (
				8A7D861F24D02C2800C87610 /* LoginCoordinatorProtocol.swift */,
				8A7D862124D02D7D00C87610 /* LoginCoordinator.swift */,
			);
			path = Login;
			sourceTree = "<group>";
		};
		9201315224B4E3CC002303D0 /* App */ = {
			isa = PBXGroup;
			children = (
				92D79F2524841755004C4701 /* AppCoordinator.swift */,
				9201314E24B4E368002303D0 /* Appcoordinator+BuildConfiguration.swift */,
				9201315024B4E3BC002303D0 /* BuildConfiguration.swift */,
				92012F0724B30D1F002303D0 /* AppCoordinator+FeatureCoordinator.swift */,
				9227A38324D7B3D0004F7952 /* AppCoordinator+Firebase.swift */,
				9227A74324D9509E004F7952 /* AppCoordinator+GoogleSDK.swift */,
			);
			path = App;
			sourceTree = "<group>";
		};
		9201315324B4E3E5002303D0 /* Feature */ = {
			isa = PBXGroup;
			children = (
				F5293EB124D9AB3100CA7E87 /* Register */,
				8A7D861E24D02C1400C87610 /* Login */,
				8A76A34724CEF60200F02AD9 /* Splash */,
				923249A424C03FFC00FDFC3E /* Home */,
				923249A224C03FEF00FDFC3E /* Profile */,
				9232499624C03F0100FDFC3E /* Auth */,
				923245CE24BB306A00FDFC3E /* Sample */,
			);
			path = Feature;
			sourceTree = "<group>";
		};
		9201353324B77B6D002303D0 /* Sample */ = {
			isa = PBXGroup;
			children = (
				92D79F3C2484DB6D004C4701 /* SampleProfile */,
				92D79F342484DAF1004C4701 /* SampleHome */,
			);
			path = Sample;
			sourceTree = "<group>";
		};
		92053BDC24A1F81B00AF938C /* Feature */ = {
			isa = PBXGroup;
			children = (
				923249AF24C0408500FDFC3E /* Auth */,
				923249AE24C0408000FDFC3E /* Profile */,
				923249AD24C0407B00FDFC3E /* Home */,
				923245D524BB370300FDFC3E /* Sample */,
			);
			path = Feature;
			sourceTree = "<group>";
		};
		92053BDF24A1F82000AF938C /* Coordinator */ = {
			isa = PBXGroup;
			children = (
			);
			path = Coordinator;
			sourceTree = "<group>";
		};
		92053BE024A1F82600AF938C /* Network */ = {
			isa = PBXGroup;
			children = (
			);
			path = Network;
			sourceTree = "<group>";
		};
		9227A33F24D293BE004F7952 /* Handler */ = {
			isa = PBXGroup;
			children = (
				9227A34024D293D5004F7952 /* FirebaseHandler.swift */,
				9227A64024D7F230004F7952 /* GoogleSDKHandler.swift */,
				920C23C424DAA37F00047D14 /* FacebookSDKHandler.swift */,
			);
			path = Handler;
			sourceTree = "<group>";
		};
		923245CE24BB306A00FDFC3E /* Sample */ = {
			isa = PBXGroup;
			children = (
				92D79F2724841927004C4701 /* SampleHome */,
				92D79F392484DB55004C4701 /* SampleProfile */,
			);
			path = Sample;
			sourceTree = "<group>";
		};
		923245D524BB370300FDFC3E /* Sample */ = {
			isa = PBXGroup;
			children = (
				92053BE124A1F83A00AF938C /* SampleHomeTests.swift */,
			);
			path = Sample;
			sourceTree = "<group>";
		};
		9232499224C03DF500FDFC3E /* Resources */ = {
			isa = PBXGroup;
			children = (
				9227A33F24D293BE004F7952 /* Handler */,
				9232499524C03E0A00FDFC3E /* Fonts */,
				92D79E892483E534004C4701 /* AppDelegate.swift */,
				92D79E8B2483E534004C4701 /* SceneDelegate.swift */,
				920C23C624DAB1DD00047D14 /* GoogleService-Info.plist */,
				92D79E972483E535004C4701 /* Info.plist */,
				92D79E922483E535004C4701 /* Main.xcassets */,
			);
			path = Resources;
			sourceTree = "<group>";
		};
		9232499524C03E0A00FDFC3E /* Fonts */ = {
			isa = PBXGroup;
			children = (
				9227A23A24CFE46E004F7952 /* Inter-Black.ttf */,
				9227A23D24CFE46E004F7952 /* Inter-Bold.ttf */,
				9227A24024CFE46E004F7952 /* Inter-ExtraBold.ttf */,
				9227A24124CFE46E004F7952 /* Inter-ExtraLight.ttf */,
				9227A23924CFE46E004F7952 /* Inter-Light.ttf */,
				9227A23E24CFE46E004F7952 /* Inter-Medium.ttf */,
				9227A23F24CFE46E004F7952 /* Inter-Regular.ttf */,
				9227A23C24CFE46E004F7952 /* Inter-SemiBold.ttf */,
				9227A23B24CFE46E004F7952 /* Inter-Thin.ttf */,
			);
			path = Fonts;
			sourceTree = "<group>";
		};
		9232499624C03F0100FDFC3E /* Auth */ = {
			isa = PBXGroup;
			children = (
			);
			path = Auth;
			sourceTree = "<group>";
		};
		923249A124C03FEA00FDFC3E /* Auth */ = {
			isa = PBXGroup;
			children = (
				923249AC24C0407100FDFC3E /* Resources */,
			);
			path = Auth;
			sourceTree = "<group>";
		};
		923249A224C03FEF00FDFC3E /* Profile */ = {
			isa = PBXGroup;
			children = (
				1EBF013024D0A7690098C24A /* ProfileCoordinator.swift */,
				1E4A4AD324DDD815004795AB /* ProfileCoordinatorConstant.swift */,
				1EBF013324D0A7690098C24A /* ProfileCoordinatorProtocol.swift */,
			);
			path = Profile;
			sourceTree = "<group>";
		};
		923249A324C03FF600FDFC3E /* Profile */ = {
			isa = PBXGroup;
			children = (
				923249AB24C0406B00FDFC3E /* Resources */,
				1EB0167724DC7AD200C76109 /* ProfileLanding */,
				1EB0167A24DC7AF500C76109 /* EditProfile */,
			);
			path = Profile;
			sourceTree = "<group>";
		};
		923249A424C03FFC00FDFC3E /* Home */ = {
			isa = PBXGroup;
			children = (
			);
			path = Home;
			sourceTree = "<group>";
		};
		923249A524C0400000FDFC3E /* Home */ = {
			isa = PBXGroup;
			children = (
				923249AA24C0406500FDFC3E /* Resources */,
			);
			path = Home;
			sourceTree = "<group>";
		};
		923249A624C0401500FDFC3E /* AuthNetwork */ = {
			isa = PBXGroup;
			children = (
				8AA7015824DBEFD200EEAADE /* LoginNetwork.swift */,
				920C25CE24E3A19D00047D14 /* RegisterNetwork.swift */,
			);
			path = AuthNetwork;
			sourceTree = "<group>";
		};
		923249A724C0403F00FDFC3E /* Home */ = {
			isa = PBXGroup;
			children = (
			);
			path = Home;
			sourceTree = "<group>";
		};
		923249A824C0404300FDFC3E /* Profile */ = {
			isa = PBXGroup;
			children = (
				1EB0168524DC860300C76109 /* ProfilePath.swift */,
				1EB0168724DC871600C76109 /* ProfileSubPath.swift */,
			);
			path = Profile;
			sourceTree = "<group>";
		};
		923249A924C0404700FDFC3E /* Auth */ = {
			isa = PBXGroup;
			children = (
				8AA7015124DBEA9A00EEAADE /* AuthPath.swift */,
				8AA7015524DBEDD100EEAADE /* LoginSubPath.swift */,
				920C25CC24E3A03000047D14 /* RegisterSubPath.swift */,
			);
			path = Auth;
			sourceTree = "<group>";
		};
		923249AA24C0406500FDFC3E /* Resources */ = {
			isa = PBXGroup;
			children = (
			);
			path = Resources;
			sourceTree = "<group>";
		};
		923249AB24C0406B00FDFC3E /* Resources */ = {
			isa = PBXGroup;
			children = (
				1E13ABB224D29384005AF3BD /* ProfileAsset.xcassets */,
			);
			path = Resources;
			sourceTree = "<group>";
		};
		923249AC24C0407100FDFC3E /* Resources */ = {
			isa = PBXGroup;
			children = (
			);
			path = Resources;
			sourceTree = "<group>";
		};
		923249AD24C0407B00FDFC3E /* Home */ = {
			isa = PBXGroup;
			children = (
			);
			path = Home;
			sourceTree = "<group>";
		};
		923249AE24C0408000FDFC3E /* Profile */ = {
			isa = PBXGroup;
			children = (
			);
			path = Profile;
			sourceTree = "<group>";
		};
		923249AF24C0408500FDFC3E /* Auth */ = {
			isa = PBXGroup;
			children = (
			);
			path = Auth;
			sourceTree = "<group>";
		};
		92324BAB24C6D03F00FDFC3E /* Config */ = {
			isa = PBXGroup;
			children = (
				92324BAE24C6D5E000FDFC3E /* Debug.xcconfig */,
			);
			path = Config;
			sourceTree = "<group>";
		};
		92913BB9248D07C8002D961D /* Products */ = {
			isa = PBXGroup;
			children = (
				92913BBE248D07C8002D961D /* Component.framework */,
				92913BC0248D07C8002D961D /* ComponentTests.xctest */,
			);
			name = Products;
			sourceTree = "<group>";
		};
		92913BC1248D0895002D961D /* Context */ = {
			isa = PBXGroup;
			children = (
				92C77CA4249760DF004C1D86 /* AppContext.swift */,
			);
			path = Context;
			sourceTree = "<group>";
		};
		92913BC2248D0A64002D961D /* Codable */ = {
			isa = PBXGroup;
			children = (
				92913BC4248D0A76002D961D /* Entities */,
				92913BC3248D0A6F002D961D /* Response */,
			);
			path = Codable;
			sourceTree = "<group>";
		};
		92913BC3248D0A6F002D961D /* Response */ = {
			isa = PBXGroup;
			children = (
				92913BCD248D0B8A002D961D /* EmptyResponse.swift */,
				92C77BFB2493799B004C1D86 /* SampleResponse.swift */,
				F5758BD424DFA258007E2517 /* RegisterResponse.swift */,
				1EB0168124DC828E00C76109 /* ProfileResponse.swift */,
				8AA7014F24DBE8DF00EEAADE /* LoginResponse.swift */,
			);
			path = Response;
			sourceTree = "<group>";
		};
		92913BC4248D0A76002D961D /* Entities */ = {
			isa = PBXGroup;
			children = (
				92C77BF72493798F004C1D86 /* SampleModel.swift */,
				9227A36024D42937004F7952 /* EmptyModel.swift */,
				F5758BD024DFA1F2007E2517 /* RegisterModel.swift */,
				1EB0167F24DC820E00C76109 /* ProfileModel.swift */,
				8AA7014B24DBE89F00EEAADE /* LoginModel.swift */,
			);
			path = Entities;
			sourceTree = "<group>";
		};
		92B90E4C2486BA8F00C59DDF /* Localization */ = {
			isa = PBXGroup;
			children = (
				92B90E522486BB1E00C59DDF /* Localizable.strings */,
			);
			path = Localization;
			sourceTree = "<group>";
		};
		92B90E552486C70400C59DDF /* Extension */ = {
			isa = PBXGroup;
			children = (
				92C77BFF24937D9E004C1D86 /* Navigation */,
				92B90E572486C72700C59DDF /* MainApp+String.swift */,
			);
			path = Extension;
			sourceTree = "<group>";
		};
		92B90E562486C70E00C59DDF /* Network */ = {
			isa = PBXGroup;
			children = (
				92913BE9248D13A3002D961D /* NetworkService.swift */,
				92C77C6724971985004C1D86 /* NetworkType.swift */,
				92C77CA2249754AD004C1D86 /* HTTPTask.swift */,
				92C77C9C249744B7004C1D86 /* Service */,
				92C77C5C24971757004C1D86 /* Path */,
				92913BC2248D0A64002D961D /* Codable */,
			);
			path = Network;
			sourceTree = "<group>";
		};
		92C77BFF24937D9E004C1D86 /* Navigation */ = {
			isa = PBXGroup;
			children = (
				92C77BFD24937CFC004C1D86 /* MainApp+NavigationItem.swift */,
				92C77C0024937E4F004C1D86 /* MainApp+NavigationBar.swift */,
			);
			path = Navigation;
			sourceTree = "<group>";
		};
		92C77C5C24971757004C1D86 /* Path */ = {
			isa = PBXGroup;
			children = (
				92C77C5F2497181F004C1D86 /* FeaturePath */,
				92C77C5D24971765004C1D86 /* BasePath.swift */,
			);
			path = Path;
			sourceTree = "<group>";
		};
		92C77C5F2497181F004C1D86 /* FeaturePath */ = {
			isa = PBXGroup;
			children = (
				923249A924C0404700FDFC3E /* Auth */,
				923249A824C0404300FDFC3E /* Profile */,
				923249A724C0403F00FDFC3E /* Home */,
				92C77C6424971920004C1D86 /* Sample */,
			);
			path = FeaturePath;
			sourceTree = "<group>";
		};
		92C77C6424971920004C1D86 /* Sample */ = {
			isa = PBXGroup;
			children = (
				92C77C62249718CE004C1D86 /* SamplePath.swift */,
				92C77C652497192F004C1D86 /* SampleSubPath.swift */,
			);
			path = Sample;
			sourceTree = "<group>";
		};
		92C77C9C249744B7004C1D86 /* Service */ = {
			isa = PBXGroup;
			children = (
				92C77C9D249744CC004C1D86 /* SampleService.swift */,
				F5758BD924DFA385007E2517 /* RegisterService.swift */,
				1EB0168324DC843E00C76109 /* ProfileService.swift */,
				8AA7015324DBEADE00EEAADE /* LoginService.swift */,
			);
			path = Service;
			sourceTree = "<group>";
		};
		92C77C9F24974A77004C1D86 /* SampleNetwork */ = {
			isa = PBXGroup;
			children = (
				92C77CA024974A83004C1D86 /* SampleNetwork.swift */,
			);
			path = SampleNetwork;
			sourceTree = "<group>";
		};
		92D79E7D2483E534004C4701 = {
			isa = PBXGroup;
			children = (
				92D79E882483E534004C4701 /* MainApp */,
				92D79E9F2483E535004C4701 /* MainAppTests */,
				92D79E872483E534004C4701 /* Products */,
				92D79F1A2483F35D004C4701 /* Frameworks */,
				76F9B2BBC29537A10464E1F6 /* Pods */,
			);
			sourceTree = "<group>";
		};
		92D79E872483E534004C4701 /* Products */ = {
			isa = PBXGroup;
			children = (
				92D79E862483E534004C4701 /* MainApp.app */,
				92D79E9C2483E535004C4701 /* MainAppTests.xctest */,
			);
			name = Products;
			sourceTree = "<group>";
		};
		92D79E882483E534004C4701 /* MainApp */ = {
			isa = PBXGroup;
			children = (
				92324BAB24C6D03F00FDFC3E /* Config */,
				92D79F2224841710004C4701 /* Coordinator */,
				92D79ED72483E67B004C4701 /* Feature */,
				92D79ED12483E569004C4701 /* FeatureNetwork */,
				92913BC1248D0895002D961D /* Context */,
				92B90E562486C70E00C59DDF /* Network */,
				92B90E552486C70400C59DDF /* Extension */,
				92B90E4C2486BA8F00C59DDF /* Localization */,
				92D79F4E24852CB7004C4701 /* Debug */,
				9232499224C03DF500FDFC3E /* Resources */,
				92D79E942483E535004C4701 /* LaunchScreen.storyboard */,
			);
			path = MainApp;
			sourceTree = "<group>";
		};
		92D79E9F2483E535004C4701 /* MainAppTests */ = {
			isa = PBXGroup;
			children = (
				92053BE024A1F82600AF938C /* Network */,
				92053BDF24A1F82000AF938C /* Coordinator */,
				92053BDC24A1F81B00AF938C /* Feature */,
				92D79EA22483E535004C4701 /* Info.plist */,
			);
			path = MainAppTests;
			sourceTree = "<group>";
		};
		92D79ED12483E569004C4701 /* FeatureNetwork */ = {
			isa = PBXGroup;
			children = (
				923249A624C0401500FDFC3E /* AuthNetwork */,
				92D79F362484DB2E004C4701 /* ProfileNetwork */,
				92D79F352484DB10004C4701 /* HomeNetwork */,
				92C77C9F24974A77004C1D86 /* SampleNetwork */,
			);
			path = FeatureNetwork;
			sourceTree = "<group>";
		};
		92D79ED72483E67B004C4701 /* Feature */ = {
			isa = PBXGroup;
			children = (
				F5293EA524D993E700CA7E87 /* Register */,
				8A7D860C24D0177200C87610 /* Login */,
				8A76A33124CEB15800F02AD9 /* Splash */,
				923249A524C0400000FDFC3E /* Home */,
				923249A324C03FF600FDFC3E /* Profile */,
				923249A124C03FEA00FDFC3E /* Auth */,
				9201353324B77B6D002303D0 /* Sample */,
			);
			path = Feature;
			sourceTree = "<group>";
		};
		92D79F0B2483E881004C4701 /* SampleHomeDetail */ = {
			isa = PBXGroup;
			children = (
				92D79F0C2483E88C004C4701 /* SampleHomeDetailViewController.swift */,
				92D79F3224842E7A004C4701 /* SampleHomeDetailProtocol.swift */,
				92D79F0D2483E88C004C4701 /* SampleHomeDetailViewController.xib */,
				92D79F102483E89A004C4701 /* SampleHomeDetailViewModel.swift */,
			);
			path = SampleHomeDetail;
			sourceTree = "<group>";
		};
		92D79F1A2483F35D004C4701 /* Frameworks */ = {
			isa = PBXGroup;
			children = (
				92913BB8248D07C8002D961D /* Component.xcodeproj */,
				92D79F1B2483F35D004C4701 /* Component.framework */,
				B48764ED1D23C52D13F00E17 /* Pods_MainApp.framework */,
				3304A088087BD629641C29A2 /* Pods_MainAppTests.framework */,
			);
			name = Frameworks;
			sourceTree = "<group>";
		};
		92D79F2224841710004C4701 /* Coordinator */ = {
			isa = PBXGroup;
			children = (
				9201315324B4E3E5002303D0 /* Feature */,
				9201315224B4E3CC002303D0 /* App */,
				920A35052499D61E00F2EABB /* Coordinator.swift */,
				920A35072499D63F00F2EABB /* CoordinatorState.swift */,
			);
			path = Coordinator;
			sourceTree = "<group>";
		};
		92D79F2724841927004C4701 /* SampleHome */ = {
			isa = PBXGroup;
			children = (
				92D79F2824841936004C4701 /* SampleHomeCoordinator.swift */,
				920C3F6424A7D00800AF75AE /* SampleHomeCoordinatorProtocol.swift */,
			);
			path = SampleHome;
			sourceTree = "<group>";
		};
		92D79F342484DAF1004C4701 /* SampleHome */ = {
			isa = PBXGroup;
			children = (
				92D79F0B2483E881004C4701 /* SampleHomeDetail */,
				92D79F062483E873004C4701 /* SampleHomeViewController.xib */,
				92D79F052483E873004C4701 /* SampleHomeViewController.swift */,
				92D79F092483E87D004C4701 /* SampleHomeViewModel.swift */,
				920A35B0249B4D0900F2EABB /* SampleHomeViewModel+Network.swift */,
				92D79F2E24842DDD004C4701 /* SampleHomeProtocol.swift */,
			);
			path = SampleHome;
			sourceTree = "<group>";
		};
		92D79F352484DB10004C4701 /* HomeNetwork */ = {
			isa = PBXGroup;
			children = (
				92D79F3024842E49004C4701 /* HomeNetwork.swift */,
			);
			path = HomeNetwork;
			sourceTree = "<group>";
		};
		92D79F362484DB2E004C4701 /* ProfileNetwork */ = {
			isa = PBXGroup;
			children = (
				92D79F372484DB3E004C4701 /* ProfileNetwork.swift */,
			);
			path = ProfileNetwork;
			sourceTree = "<group>";
		};
		92D79F392484DB55004C4701 /* SampleProfile */ = {
			isa = PBXGroup;
			children = (
				92D79F3A2484DB61004C4701 /* SampleProfileCoordinator.swift */,
				920C3F6624A7D23900AF75AE /* SampleProfileCoordinatorProtocol.swift */,
			);
			path = SampleProfile;
			sourceTree = "<group>";
		};
		92D79F3C2484DB6D004C4701 /* SampleProfile */ = {
			isa = PBXGroup;
			children = (
				92D79F4524850145004C4701 /* SampleProfileDetail */,
				92D79F3D2484DB7F004C4701 /* SampleProfileProtocol.swift */,
				92D79F3F2484DB87004C4701 /* SampleProfileViewModel.swift */,
				92D79F412484DB93004C4701 /* SampleProfileViewController.swift */,
				92D79F422484DB93004C4701 /* SampleProfileViewController.xib */,
			);
			path = SampleProfile;
			sourceTree = "<group>";
		};
		92D79F4524850145004C4701 /* SampleProfileDetail */ = {
			isa = PBXGroup;
			children = (
				92D79F4624850153004C4701 /* SampleProfileDetailProtocol.swift */,
				92D79F482485015C004C4701 /* SampleProfileDetailViewModel.swift */,
				92D79F4A24850166004C4701 /* SampleProfileDetailViewController.swift */,
				92D79F4B24850166004C4701 /* SampleProfileDetailViewController.xib */,
			);
			path = SampleProfileDetail;
			sourceTree = "<group>";
		};
		92D79F4E24852CB7004C4701 /* Debug */ = {
			isa = PBXGroup;
			children = (
				92D79F4F24852CC2004C4701 /* Log.swift */,
				920539BA249BA31300AF938C /* Undefined.swift */,
			);
			path = Debug;
			sourceTree = "<group>";
		};
		F5293EA524D993E700CA7E87 /* Register */ = {
			isa = PBXGroup;
			children = (
				F595D9E624E27E2E006DD353 /* Resources */,
				F5293EA824D9941F00CA7E87 /* RegisterViewController.swift */,
				F5293EA924D9941F00CA7E87 /* RegisterViewController.xib */,
				F5293EAD24D9AA8000CA7E87 /* RegisterProtocol.swift */,
				F5293EAF24D9AA8F00CA7E87 /* RegisterViewModel.swift */,
				F595D9EB24E280CA006DD353 /* RegisterViewModel+Network.swift */,
				F595D9EF24E28286006DD353 /* RegisterPopUpViewController.swift */,
				F595D9F024E28286006DD353 /* RegisterPopUpViewController.xib */,
			);
			path = Register;
			sourceTree = "<group>";
		};
		F5293EB124D9AB3100CA7E87 /* Register */ = {
			isa = PBXGroup;
			children = (
				F5293EB324D9AB6700CA7E87 /* RegisterCoordinator.swift */,
				F5293EB524D9AB7E00CA7E87 /* RegisterCoordinatorProtocol.swift */,
			);
			path = Register;
			sourceTree = "<group>";
		};
		F595D9E624E27E2E006DD353 /* Resources */ = {
			isa = PBXGroup;
			children = (
				F5C44BA224E2B29000ACA1A1 /* Register.xcassets */,
			);
			path = Resources;
			sourceTree = "<group>";
		};
/* End PBXGroup section */

/* Begin PBXNativeTarget section */
		92D79E852483E534004C4701 /* MainApp */ = {
			isa = PBXNativeTarget;
			buildConfigurationList = 92D79EA52483E535004C4701 /* Build configuration list for PBXNativeTarget "MainApp" */;
			buildPhases = (
				12882388B73D01EE038709B9 /* [CP] Check Pods Manifest.lock */,
				92D79E822483E534004C4701 /* Sources */,
				92D79E832483E534004C4701 /* Frameworks */,
				92D79E842483E534004C4701 /* Resources */,
				92D79F1E2483F35E004C4701 /* Embed Frameworks */,
				B0850ECFC788B5219A15B095 /* [CP] Embed Pods Frameworks */,
				624B087B2EC050529B1D64E3 /* [CP] Copy Pods Resources */,
			);
			buildRules = (
			);
			dependencies = (
			);
			name = MainApp;
			productName = MainApp;
			productReference = 92D79E862483E534004C4701 /* MainApp.app */;
			productType = "com.apple.product-type.application";
		};
		92D79E9B2483E535004C4701 /* MainAppTests */ = {
			isa = PBXNativeTarget;
			buildConfigurationList = 92D79EA82483E535004C4701 /* Build configuration list for PBXNativeTarget "MainAppTests" */;
			buildPhases = (
				D2FEAE9E1F1E91ACFB83D922 /* [CP] Check Pods Manifest.lock */,
				92D79E982483E535004C4701 /* Sources */,
				92D79E992483E535004C4701 /* Frameworks */,
				92D79E9A2483E535004C4701 /* Resources */,
				9ED6F66CD0810BB2E0305C01 /* [CP] Embed Pods Frameworks */,
			);
			buildRules = (
			);
			dependencies = (
				92D79E9E2483E535004C4701 /* PBXTargetDependency */,
			);
			name = MainAppTests;
			productName = MainAppTests;
			productReference = 92D79E9C2483E535004C4701 /* MainAppTests.xctest */;
			productType = "com.apple.product-type.bundle.unit-test";
		};
/* End PBXNativeTarget section */

/* Begin PBXProject section */
		92D79E7E2483E534004C4701 /* Project object */ = {
			isa = PBXProject;
			attributes = {
				LastSwiftUpdateCheck = 1130;
				LastUpgradeCheck = 1130;
				ORGANIZATIONNAME = "William Inx";
				TargetAttributes = {
					92D79E852483E534004C4701 = {
						CreatedOnToolsVersion = 11.3.1;
					};
					92D79E9B2483E535004C4701 = {
						CreatedOnToolsVersion = 11.3.1;
						TestTargetID = 92D79E852483E534004C4701;
					};
				};
			};
			buildConfigurationList = 92D79E812483E534004C4701 /* Build configuration list for PBXProject "MainApp" */;
			compatibilityVersion = "Xcode 9.3";
			developmentRegion = en;
			hasScannedForEncodings = 0;
			knownRegions = (
				en,
				Base,
				"id-ID",
			);
			mainGroup = 92D79E7D2483E534004C4701;
			productRefGroup = 92D79E872483E534004C4701 /* Products */;
			projectDirPath = "";
			projectReferences = (
				{
					ProductGroup = 92913BB9248D07C8002D961D /* Products */;
					ProjectRef = 92913BB8248D07C8002D961D /* Component.xcodeproj */;
				},
			);
			projectRoot = "";
			targets = (
				92D79E852483E534004C4701 /* MainApp */,
				92D79E9B2483E535004C4701 /* MainAppTests */,
			);
		};
/* End PBXProject section */

/* Begin PBXReferenceProxy section */
		92913BBE248D07C8002D961D /* Component.framework */ = {
			isa = PBXReferenceProxy;
			fileType = wrapper.framework;
			path = Component.framework;
			remoteRef = 92913BBD248D07C8002D961D /* PBXContainerItemProxy */;
			sourceTree = BUILT_PRODUCTS_DIR;
		};
		92913BC0248D07C8002D961D /* ComponentTests.xctest */ = {
			isa = PBXReferenceProxy;
			fileType = wrapper.cfbundle;
			path = ComponentTests.xctest;
			remoteRef = 92913BBF248D07C8002D961D /* PBXContainerItemProxy */;
			sourceTree = BUILT_PRODUCTS_DIR;
		};
/* End PBXReferenceProxy section */

/* Begin PBXResourcesBuildPhase section */
		92D79E842483E534004C4701 /* Resources */ = {
			isa = PBXResourcesBuildPhase;
			buildActionMask = 2147483647;
			files = (
				92D79E962483E535004C4701 /* LaunchScreen.storyboard in Resources */,
				8A76A33524CEB3EB00F02AD9 /* InitialScreenViewController.xib in Resources */,
				92D79E932483E535004C4701 /* Main.xcassets in Resources */,
				1E13ABB324D29384005AF3BD /* ProfileAsset.xcassets in Resources */,
				1E44DC5624D8560400025AE8 /* EditProfileController.xib in Resources */,
				92D79F0F2483E88C004C4701 /* SampleHomeDetailViewController.xib in Resources */,
				F5C44BA324E2B29000ACA1A1 /* Register.xcassets in Resources */,
				1EC5105924E2A8A400A00759 /* ProfileLandingCell.xib in Resources */,
				9227A24924CFE479004F7952 /* Inter-SemiBold.ttf in Resources */,
				9227A24324CFE479004F7952 /* Inter-Bold.ttf in Resources */,
				92B90E502486BB1E00C59DDF /* Localizable.strings in Resources */,
				9227A24424CFE479004F7952 /* Inter-ExtraBold.ttf in Resources */,
				1EC5105624E2A87B00A00759 /* ProfileLandingController.xib in Resources */,
				8A7D861324D0178D00C87610 /* LoginViewController.xib in Resources */,
				9227A24824CFE479004F7952 /* Inter-Regular.ttf in Resources */,
				92D79F442484DB93004C4701 /* SampleProfileViewController.xib in Resources */,
				92D79F082483E873004C4701 /* SampleHomeViewController.xib in Resources */,
				9227A24524CFE479004F7952 /* Inter-ExtraLight.ttf in Resources */,
				92D79F4D24850166004C4701 /* SampleProfileDetailViewController.xib in Resources */,
				F595D9F224E28286006DD353 /* RegisterPopUpViewController.xib in Resources */,
				9227A24A24CFE479004F7952 /* Inter-Thin.ttf in Resources */,
				9227A24724CFE479004F7952 /* Inter-Medium.ttf in Resources */,
				9227A24624CFE479004F7952 /* Inter-Light.ttf in Resources */,
				F5293EAB24D9941F00CA7E87 /* RegisterViewController.xib in Resources */,
				9227A24224CFE474004F7952 /* Inter-Black.ttf in Resources */,
			);
			runOnlyForDeploymentPostprocessing = 0;
		};
		92D79E9A2483E535004C4701 /* Resources */ = {
			isa = PBXResourcesBuildPhase;
			buildActionMask = 2147483647;
			files = (
			);
			runOnlyForDeploymentPostprocessing = 0;
		};
/* End PBXResourcesBuildPhase section */

/* Begin PBXShellScriptBuildPhase section */
		12882388B73D01EE038709B9 /* [CP] Check Pods Manifest.lock */ = {
			isa = PBXShellScriptBuildPhase;
			buildActionMask = 2147483647;
			files = (
			);
			inputFileListPaths = (
			);
			inputPaths = (
				"${PODS_PODFILE_DIR_PATH}/Podfile.lock",
				"${PODS_ROOT}/Manifest.lock",
			);
			name = "[CP] Check Pods Manifest.lock";
			outputFileListPaths = (
			);
			outputPaths = (
				"$(DERIVED_FILE_DIR)/Pods-MainApp-checkManifestLockResult.txt",
			);
			runOnlyForDeploymentPostprocessing = 0;
			shellPath = /bin/sh;
			shellScript = "diff \"${PODS_PODFILE_DIR_PATH}/Podfile.lock\" \"${PODS_ROOT}/Manifest.lock\" > /dev/null\nif [ $? != 0 ] ; then\n    # print error to STDERR\n    echo \"error: The sandbox is not in sync with the Podfile.lock. Run 'pod install' or update your CocoaPods installation.\" >&2\n    exit 1\nfi\n# This output is used by Xcode 'outputs' to avoid re-running this script phase.\necho \"SUCCESS\" > \"${SCRIPT_OUTPUT_FILE_0}\"\n";
			showEnvVarsInLog = 0;
		};
		624B087B2EC050529B1D64E3 /* [CP] Copy Pods Resources */ = {
			isa = PBXShellScriptBuildPhase;
			buildActionMask = 2147483647;
			files = (
			);
			inputFileListPaths = (
				"${PODS_ROOT}/Target Support Files/Pods-MainApp/Pods-MainApp-resources-${CONFIGURATION}-input-files.xcfilelist",
			);
			name = "[CP] Copy Pods Resources";
			outputFileListPaths = (
				"${PODS_ROOT}/Target Support Files/Pods-MainApp/Pods-MainApp-resources-${CONFIGURATION}-output-files.xcfilelist",
			);
			runOnlyForDeploymentPostprocessing = 0;
			shellPath = /bin/sh;
			shellScript = "\"${PODS_ROOT}/Target Support Files/Pods-MainApp/Pods-MainApp-resources.sh\"\n";
			showEnvVarsInLog = 0;
		};
		9ED6F66CD0810BB2E0305C01 /* [CP] Embed Pods Frameworks */ = {
			isa = PBXShellScriptBuildPhase;
			buildActionMask = 2147483647;
			files = (
			);
			inputFileListPaths = (
				"${PODS_ROOT}/Target Support Files/Pods-MainAppTests/Pods-MainAppTests-frameworks-${CONFIGURATION}-input-files.xcfilelist",
			);
			name = "[CP] Embed Pods Frameworks";
			outputFileListPaths = (
				"${PODS_ROOT}/Target Support Files/Pods-MainAppTests/Pods-MainAppTests-frameworks-${CONFIGURATION}-output-files.xcfilelist",
			);
			runOnlyForDeploymentPostprocessing = 0;
			shellPath = /bin/sh;
			shellScript = "\"${PODS_ROOT}/Target Support Files/Pods-MainAppTests/Pods-MainAppTests-frameworks.sh\"\n";
			showEnvVarsInLog = 0;
		};
		B0850ECFC788B5219A15B095 /* [CP] Embed Pods Frameworks */ = {
			isa = PBXShellScriptBuildPhase;
			buildActionMask = 2147483647;
			files = (
			);
			inputFileListPaths = (
				"${PODS_ROOT}/Target Support Files/Pods-MainApp/Pods-MainApp-frameworks-${CONFIGURATION}-input-files.xcfilelist",
			);
			name = "[CP] Embed Pods Frameworks";
			outputFileListPaths = (
				"${PODS_ROOT}/Target Support Files/Pods-MainApp/Pods-MainApp-frameworks-${CONFIGURATION}-output-files.xcfilelist",
			);
			runOnlyForDeploymentPostprocessing = 0;
			shellPath = /bin/sh;
			shellScript = "\"${PODS_ROOT}/Target Support Files/Pods-MainApp/Pods-MainApp-frameworks.sh\"\n";
			showEnvVarsInLog = 0;
		};
		D2FEAE9E1F1E91ACFB83D922 /* [CP] Check Pods Manifest.lock */ = {
			isa = PBXShellScriptBuildPhase;
			buildActionMask = 2147483647;
			files = (
			);
			inputFileListPaths = (
			);
			inputPaths = (
				"${PODS_PODFILE_DIR_PATH}/Podfile.lock",
				"${PODS_ROOT}/Manifest.lock",
			);
			name = "[CP] Check Pods Manifest.lock";
			outputFileListPaths = (
			);
			outputPaths = (
				"$(DERIVED_FILE_DIR)/Pods-MainAppTests-checkManifestLockResult.txt",
			);
			runOnlyForDeploymentPostprocessing = 0;
			shellPath = /bin/sh;
			shellScript = "diff \"${PODS_PODFILE_DIR_PATH}/Podfile.lock\" \"${PODS_ROOT}/Manifest.lock\" > /dev/null\nif [ $? != 0 ] ; then\n    # print error to STDERR\n    echo \"error: The sandbox is not in sync with the Podfile.lock. Run 'pod install' or update your CocoaPods installation.\" >&2\n    exit 1\nfi\n# This output is used by Xcode 'outputs' to avoid re-running this script phase.\necho \"SUCCESS\" > \"${SCRIPT_OUTPUT_FILE_0}\"\n";
			showEnvVarsInLog = 0;
		};
/* End PBXShellScriptBuildPhase section */

/* Begin PBXSourcesBuildPhase section */
		92D79E822483E534004C4701 /* Sources */ = {
			isa = PBXSourcesBuildPhase;
			buildActionMask = 2147483647;
			files = (
				92C77C662497192F004C1D86 /* SampleSubPath.swift in Sources */,
				F5293EB024D9AA8F00CA7E87 /* RegisterViewModel.swift in Sources */,
				1E44DC5824D8562D00025AE8 /* EditProfileProtocol.swift in Sources */,
				92D79F2F24842DDD004C4701 /* SampleHomeProtocol.swift in Sources */,
				92012F0824B30D1F002303D0 /* AppCoordinator+FeatureCoordinator.swift in Sources */,
				92D79F5024852CC2004C4701 /* Log.swift in Sources */,
				1EB0168824DC871600C76109 /* ProfileSubPath.swift in Sources */,
				92D79F0E2483E88C004C4701 /* SampleHomeDetailViewController.swift in Sources */,
				92D79F3E2484DB7F004C4701 /* SampleProfileProtocol.swift in Sources */,
				8A7D862224D02D7D00C87610 /* LoginCoordinator.swift in Sources */,
				920C3F6724A7D23900AF75AE /* SampleProfileCoordinatorProtocol.swift in Sources */,
				9201315124B4E3BC002303D0 /* BuildConfiguration.swift in Sources */,
				F5758BD524DFA258007E2517 /* RegisterResponse.swift in Sources */,
				8AA7015624DBEDD100EEAADE /* LoginSubPath.swift in Sources */,
				92913BEA248D13A3002D961D /* NetworkService.swift in Sources */,
				920A35062499D61E00F2EABB /* Coordinator.swift in Sources */,
				9227A74424D9509E004F7952 /* AppCoordinator+GoogleSDK.swift in Sources */,
				1E4A4AD424DDD815004795AB /* ProfileCoordinatorConstant.swift in Sources */,
				92D79F3124842E49004C4701 /* HomeNetwork.swift in Sources */,
				8A76A34424CED46F00F02AD9 /* InitialScreenCoordinator.swift in Sources */,
				9227A36124D42937004F7952 /* EmptyModel.swift in Sources */,
				92C77C5E24971765004C1D86 /* BasePath.swift in Sources */,
				92C77BFE24937CFC004C1D86 /* MainApp+NavigationItem.swift in Sources */,
				920539BB249BA31300AF938C /* Undefined.swift in Sources */,
				F595D9F124E28286006DD353 /* RegisterPopUpViewController.swift in Sources */,
				1E44DC5224D855C600025AE8 /* EditProfileController.swift in Sources */,
				92D79F432484DB93004C4701 /* SampleProfileViewController.swift in Sources */,
				92D79E8A2483E534004C4701 /* AppDelegate.swift in Sources */,
				1EBF012E24D0A6B00098C24A /* ProfileLandingProtocol.swift in Sources */,
				1EBF012A24D0A65F0098C24A /* ProfileLandingController.swift in Sources */,
				92D79F112483E89A004C4701 /* SampleHomeDetailViewModel.swift in Sources */,
				8A76A34124CECC1E00F02AD9 /* InitialScreenCoordinatorProtocol.swift in Sources */,
				92C77CA5249760DF004C1D86 /* AppContext.swift in Sources */,
				92D79F3324842E7A004C4701 /* SampleHomeDetailProtocol.swift in Sources */,
				920C23C524DAA37F00047D14 /* FacebookSDKHandler.swift in Sources */,
				F5293EB624D9AB7E00CA7E87 /* RegisterCoordinatorProtocol.swift in Sources */,
				1EB0168224DC828E00C76109 /* ProfileResponse.swift in Sources */,
				8AA7014C24DBE89F00EEAADE /* LoginModel.swift in Sources */,
				92D79E8C2483E534004C4701 /* SceneDelegate.swift in Sources */,
				1EB0168624DC860300C76109 /* ProfilePath.swift in Sources */,
				920C25CD24E3A03000047D14 /* RegisterSubPath.swift in Sources */,
				92913BCE248D0B8A002D961D /* EmptyResponse.swift in Sources */,
				1EBF013524D0A7690098C24A /* ProfileCoordinatorProtocol.swift in Sources */,
				1EBF012C24D0A6A00098C24A /* ProfileLandingViewModel.swift in Sources */,
				92D79F492485015C004C4701 /* SampleProfileDetailViewModel.swift in Sources */,
				8AA7015924DBEFD200EEAADE /* LoginNetwork.swift in Sources */,
				92C77CA3249754AD004C1D86 /* HTTPTask.swift in Sources */,
				1EB0168424DC843E00C76109 /* ProfileService.swift in Sources */,
				92C77C63249718CE004C1D86 /* SamplePath.swift in Sources */,
				92D79F2624841755004C4701 /* AppCoordinator.swift in Sources */,
				920C3F6524A7D00800AF75AE /* SampleHomeCoordinatorProtocol.swift in Sources */,
				F5293EAA24D9941F00CA7E87 /* RegisterViewController.swift in Sources */,
				F5293EB424D9AB6700CA7E87 /* RegisterCoordinator.swift in Sources */,
				920A35082499D63F00F2EABB /* CoordinatorState.swift in Sources */,
				F595D9EC24E280CA006DD353 /* RegisterViewModel+Network.swift in Sources */,
				920C25CF24E3A19D00047D14 /* RegisterNetwork.swift in Sources */,
				1EC5105B24E31EFF00A00759 /* ProfileTableViewSection.swift in Sources */,
				8AA7015424DBEADE00EEAADE /* LoginService.swift in Sources */,
				92C77C0124937E4F004C1D86 /* MainApp+NavigationBar.swift in Sources */,
				920A35B1249B4D0900F2EABB /* SampleHomeViewModel+Network.swift in Sources */,
				92D79F382484DB3E004C4701 /* ProfileNetwork.swift in Sources */,
				92B90E582486C72700C59DDF /* MainApp+String.swift in Sources */,
				92D79F2924841936004C4701 /* SampleHomeCoordinator.swift in Sources */,
				1EBF014A24D1E5450098C24A /* ProfileLandingCell.swift in Sources */,
				92D79F402484DB87004C4701 /* SampleProfileViewModel.swift in Sources */,
				9201314F24B4E368002303D0 /* Appcoordinator+BuildConfiguration.swift in Sources */,
				1EB0168024DC820E00C76109 /* ProfileModel.swift in Sources */,
				1E44DC5A24D8563C00025AE8 /* EditProfileViewModel.swift in Sources */,
				92C77BF82493798F004C1D86 /* SampleModel.swift in Sources */,
				92C77BFC2493799B004C1D86 /* SampleResponse.swift in Sources */,
				8A7D861224D0178D00C87610 /* LoginViewController.swift in Sources */,
				92C77C6824971985004C1D86 /* NetworkType.swift in Sources */,
				8A76A33424CEB3EB00F02AD9 /* InitialScreenViewController.swift in Sources */,
				8A7D861D24D02BCE00C87610 /* LoginProtocol.swift in Sources */,
				8AA7015024DBE8DF00EEAADE /* LoginResponse.swift in Sources */,
				9227A34124D293D5004F7952 /* FirebaseHandler.swift in Sources */,
				9227A64124D7F230004F7952 /* GoogleSDKHandler.swift in Sources */,
				9227A38424D7B3D0004F7952 /* AppCoordinator+Firebase.swift in Sources */,
				F5758BD124DFA1F2007E2517 /* RegisterModel.swift in Sources */,
				8AA7015224DBEA9A00EEAADE /* AuthPath.swift in Sources */,
				92D79F0A2483E87D004C4701 /* SampleHomeViewModel.swift in Sources */,
				8A76A33D24CECB7300F02AD9 /* InitialScreenViewModel.swift in Sources */,
				92D79F4724850153004C4701 /* SampleProfileDetailProtocol.swift in Sources */,
				8A7D861B24D02BB000C87610 /* LoginViewModel.swift in Sources */,
				92D79F3B2484DB61004C4701 /* SampleProfileCoordinator.swift in Sources */,
				92D79F4C24850166004C4701 /* SampleProfileDetailViewController.swift in Sources */,
				1EBF013424D0A7690098C24A /* ProfileCoordinator.swift in Sources */,
				8A7D862024D02C2800C87610 /* LoginCoordinatorProtocol.swift in Sources */,
				92D79F072483E873004C4701 /* SampleHomeViewController.swift in Sources */,
				8A76A33F24CECBAE00F02AD9 /* InitialScreenProtocol.swift in Sources */,
				92C77CA124974A83004C1D86 /* SampleNetwork.swift in Sources */,
				F5293EAE24D9AA8000CA7E87 /* RegisterProtocol.swift in Sources */,
				F5758BDA24DFA385007E2517 /* RegisterService.swift in Sources */,
				92C77C9E249744CC004C1D86 /* SampleService.swift in Sources */,
			);
			runOnlyForDeploymentPostprocessing = 0;
		};
		92D79E982483E535004C4701 /* Sources */ = {
			isa = PBXSourcesBuildPhase;
			buildActionMask = 2147483647;
			files = (
				92053BE224A1F83A00AF938C /* SampleHomeTests.swift in Sources */,
			);
			runOnlyForDeploymentPostprocessing = 0;
		};
/* End PBXSourcesBuildPhase section */

/* Begin PBXTargetDependency section */
		92D79E9E2483E535004C4701 /* PBXTargetDependency */ = {
			isa = PBXTargetDependency;
			target = 92D79E852483E534004C4701 /* MainApp */;
			targetProxy = 92D79E9D2483E535004C4701 /* PBXContainerItemProxy */;
		};
/* End PBXTargetDependency section */

/* Begin PBXVariantGroup section */
		92B90E522486BB1E00C59DDF /* Localizable.strings */ = {
			isa = PBXVariantGroup;
			children = (
				92B90E512486BB1E00C59DDF /* en */,
				92B90E542486BB3800C59DDF /* id-ID */,
			);
			name = Localizable.strings;
			sourceTree = "<group>";
		};
		92D79E942483E535004C4701 /* LaunchScreen.storyboard */ = {
			isa = PBXVariantGroup;
			children = (
				92D79E952483E535004C4701 /* Base */,
				92B90E4D2486BADF00C59DDF /* id-ID */,
			);
			name = LaunchScreen.storyboard;
			sourceTree = "<group>";
		};
/* End PBXVariantGroup section */

/* Begin XCBuildConfiguration section */
		92D79EA32483E535004C4701 /* Debug */ = {
			isa = XCBuildConfiguration;
			buildSettings = {
				ALWAYS_SEARCH_USER_PATHS = NO;
				CLANG_ANALYZER_LOCALIZABILITY_NONLOCALIZED = YES;
				CLANG_ANALYZER_NONNULL = YES;
				CLANG_ANALYZER_NUMBER_OBJECT_CONVERSION = YES_AGGRESSIVE;
				CLANG_CXX_LANGUAGE_STANDARD = "gnu++14";
				CLANG_CXX_LIBRARY = "libc++";
				CLANG_ENABLE_MODULES = YES;
				CLANG_ENABLE_OBJC_ARC = YES;
				CLANG_ENABLE_OBJC_WEAK = YES;
				CLANG_WARN_BLOCK_CAPTURE_AUTORELEASING = YES;
				CLANG_WARN_BOOL_CONVERSION = YES;
				CLANG_WARN_COMMA = YES;
				CLANG_WARN_CONSTANT_CONVERSION = YES;
				CLANG_WARN_DEPRECATED_OBJC_IMPLEMENTATIONS = YES;
				CLANG_WARN_DIRECT_OBJC_ISA_USAGE = YES_ERROR;
				CLANG_WARN_DOCUMENTATION_COMMENTS = YES;
				CLANG_WARN_EMPTY_BODY = YES;
				CLANG_WARN_ENUM_CONVERSION = YES;
				CLANG_WARN_INFINITE_RECURSION = YES;
				CLANG_WARN_INT_CONVERSION = YES;
				CLANG_WARN_NON_LITERAL_NULL_CONVERSION = YES;
				CLANG_WARN_OBJC_IMPLICIT_RETAIN_SELF = YES;
				CLANG_WARN_OBJC_LITERAL_CONVERSION = YES;
				CLANG_WARN_OBJC_ROOT_CLASS = YES_ERROR;
				CLANG_WARN_RANGE_LOOP_ANALYSIS = YES;
				CLANG_WARN_STRICT_PROTOTYPES = YES;
				CLANG_WARN_SUSPICIOUS_MOVE = YES;
				CLANG_WARN_UNGUARDED_AVAILABILITY = YES_AGGRESSIVE;
				CLANG_WARN_UNREACHABLE_CODE = YES;
				CLANG_WARN__DUPLICATE_METHOD_MATCH = YES;
				COPY_PHASE_STRIP = NO;
				DEBUG_INFORMATION_FORMAT = dwarf;
				ENABLE_STRICT_OBJC_MSGSEND = YES;
				ENABLE_TESTABILITY = YES;
				GCC_C_LANGUAGE_STANDARD = gnu11;
				GCC_DYNAMIC_NO_PIC = NO;
				GCC_NO_COMMON_BLOCKS = YES;
				GCC_OPTIMIZATION_LEVEL = 0;
				GCC_PREPROCESSOR_DEFINITIONS = (
					"DEBUG=1",
					"$(inherited)",
				);
				GCC_WARN_64_TO_32_BIT_CONVERSION = YES;
				GCC_WARN_ABOUT_RETURN_TYPE = YES_ERROR;
				GCC_WARN_UNDECLARED_SELECTOR = YES;
				GCC_WARN_UNINITIALIZED_AUTOS = YES_AGGRESSIVE;
				GCC_WARN_UNUSED_FUNCTION = YES;
				GCC_WARN_UNUSED_VARIABLE = YES;
				IPHONEOS_DEPLOYMENT_TARGET = 13.2;
				MTL_ENABLE_DEBUG_INFO = INCLUDE_SOURCE;
				MTL_FAST_MATH = YES;
				ONLY_ACTIVE_ARCH = YES;
				SDKROOT = iphoneos;
				SWIFT_ACTIVE_COMPILATION_CONDITIONS = DEBUG;
				SWIFT_OPTIMIZATION_LEVEL = "-Onone";
			};
			name = Debug;
		};
		92D79EA42483E535004C4701 /* Release */ = {
			isa = XCBuildConfiguration;
			buildSettings = {
				ALWAYS_SEARCH_USER_PATHS = NO;
				CLANG_ANALYZER_LOCALIZABILITY_NONLOCALIZED = YES;
				CLANG_ANALYZER_NONNULL = YES;
				CLANG_ANALYZER_NUMBER_OBJECT_CONVERSION = YES_AGGRESSIVE;
				CLANG_CXX_LANGUAGE_STANDARD = "gnu++14";
				CLANG_CXX_LIBRARY = "libc++";
				CLANG_ENABLE_MODULES = YES;
				CLANG_ENABLE_OBJC_ARC = YES;
				CLANG_ENABLE_OBJC_WEAK = YES;
				CLANG_WARN_BLOCK_CAPTURE_AUTORELEASING = YES;
				CLANG_WARN_BOOL_CONVERSION = YES;
				CLANG_WARN_COMMA = YES;
				CLANG_WARN_CONSTANT_CONVERSION = YES;
				CLANG_WARN_DEPRECATED_OBJC_IMPLEMENTATIONS = YES;
				CLANG_WARN_DIRECT_OBJC_ISA_USAGE = YES_ERROR;
				CLANG_WARN_DOCUMENTATION_COMMENTS = YES;
				CLANG_WARN_EMPTY_BODY = YES;
				CLANG_WARN_ENUM_CONVERSION = YES;
				CLANG_WARN_INFINITE_RECURSION = YES;
				CLANG_WARN_INT_CONVERSION = YES;
				CLANG_WARN_NON_LITERAL_NULL_CONVERSION = YES;
				CLANG_WARN_OBJC_IMPLICIT_RETAIN_SELF = YES;
				CLANG_WARN_OBJC_LITERAL_CONVERSION = YES;
				CLANG_WARN_OBJC_ROOT_CLASS = YES_ERROR;
				CLANG_WARN_RANGE_LOOP_ANALYSIS = YES;
				CLANG_WARN_STRICT_PROTOTYPES = YES;
				CLANG_WARN_SUSPICIOUS_MOVE = YES;
				CLANG_WARN_UNGUARDED_AVAILABILITY = YES_AGGRESSIVE;
				CLANG_WARN_UNREACHABLE_CODE = YES;
				CLANG_WARN__DUPLICATE_METHOD_MATCH = YES;
				COPY_PHASE_STRIP = NO;
				DEBUG_INFORMATION_FORMAT = "dwarf-with-dsym";
				ENABLE_NS_ASSERTIONS = NO;
				ENABLE_STRICT_OBJC_MSGSEND = YES;
				GCC_C_LANGUAGE_STANDARD = gnu11;
				GCC_NO_COMMON_BLOCKS = YES;
				GCC_WARN_64_TO_32_BIT_CONVERSION = YES;
				GCC_WARN_ABOUT_RETURN_TYPE = YES_ERROR;
				GCC_WARN_UNDECLARED_SELECTOR = YES;
				GCC_WARN_UNINITIALIZED_AUTOS = YES_AGGRESSIVE;
				GCC_WARN_UNUSED_FUNCTION = YES;
				GCC_WARN_UNUSED_VARIABLE = YES;
				IPHONEOS_DEPLOYMENT_TARGET = 13.2;
				MTL_ENABLE_DEBUG_INFO = NO;
				MTL_FAST_MATH = YES;
				SDKROOT = iphoneos;
				SWIFT_COMPILATION_MODE = wholemodule;
				SWIFT_OPTIMIZATION_LEVEL = "-O";
				VALIDATE_PRODUCT = YES;
			};
			name = Release;
		};
		92D79EA62483E535004C4701 /* Debug */ = {
			isa = XCBuildConfiguration;
			baseConfigurationReference = 890F374CBAEFBDEFACC50A10 /* Pods-MainApp.debug.xcconfig */;
			buildSettings = {
				ASSETCATALOG_COMPILER_APPICON_NAME = AppIcon;
				CODE_SIGN_STYLE = Automatic;
				DEVELOPMENT_TEAM = WPQ9HAVPNV;
				INFOPLIST_FILE = MainApp/Resources/Info.plist;
				LD_RUNPATH_SEARCH_PATHS = (
					"$(inherited)",
					"@executable_path/Frameworks",
				);
				PRODUCT_BUNDLE_IDENTIFIER = com.famili.userLaundron;
				PRODUCT_NAME = "$(TARGET_NAME)";
				SWIFT_VERSION = 5.0;
				TARGETED_DEVICE_FAMILY = "1,2";
			};
			name = Debug;
		};
		92D79EA72483E535004C4701 /* Release */ = {
			isa = XCBuildConfiguration;
			baseConfigurationReference = EC0E518FA3EDC1935792999D /* Pods-MainApp.release.xcconfig */;
			buildSettings = {
				ASSETCATALOG_COMPILER_APPICON_NAME = AppIcon;
				CODE_SIGN_STYLE = Automatic;
				DEVELOPMENT_TEAM = WPQ9HAVPNV;
				INFOPLIST_FILE = MainApp/Resources/Info.plist;
				LD_RUNPATH_SEARCH_PATHS = (
					"$(inherited)",
					"@executable_path/Frameworks",
				);
				PRODUCT_BUNDLE_IDENTIFIER = com.famili.userLaundron;
				PRODUCT_NAME = "$(TARGET_NAME)";
				SWIFT_VERSION = 5.0;
				TARGETED_DEVICE_FAMILY = "1,2";
			};
			name = Release;
		};
		92D79EA92483E535004C4701 /* Debug */ = {
			isa = XCBuildConfiguration;
			baseConfigurationReference = AE2BE8FE29B4275EF2FB889F /* Pods-MainAppTests.debug.xcconfig */;
			buildSettings = {
				ALWAYS_EMBED_SWIFT_STANDARD_LIBRARIES = YES;
				BUNDLE_LOADER = "$(TEST_HOST)";
				CODE_SIGN_STYLE = Automatic;
				DEVELOPMENT_TEAM = WPQ9HAVPNV;
				INFOPLIST_FILE = MainAppTests/Info.plist;
				IPHONEOS_DEPLOYMENT_TARGET = 13.2;
				LD_RUNPATH_SEARCH_PATHS = (
					"$(inherited)",
					"@executable_path/Frameworks",
					"@loader_path/Frameworks",
				);
				PRODUCT_BUNDLE_IDENTIFIER = inx.MainAppTests;
				PRODUCT_NAME = "$(TARGET_NAME)";
				SWIFT_VERSION = 5.0;
				TARGETED_DEVICE_FAMILY = "1,2";
				TEST_HOST = "$(BUILT_PRODUCTS_DIR)/MainApp.app/MainApp";
			};
			name = Debug;
		};
		92D79EAA2483E535004C4701 /* Release */ = {
			isa = XCBuildConfiguration;
			baseConfigurationReference = FD3077CE7FF8C7A3449D06CF /* Pods-MainAppTests.release.xcconfig */;
			buildSettings = {
				ALWAYS_EMBED_SWIFT_STANDARD_LIBRARIES = YES;
				BUNDLE_LOADER = "$(TEST_HOST)";
				CODE_SIGN_STYLE = Automatic;
				DEVELOPMENT_TEAM = WPQ9HAVPNV;
				INFOPLIST_FILE = MainAppTests/Info.plist;
				IPHONEOS_DEPLOYMENT_TARGET = 13.2;
				LD_RUNPATH_SEARCH_PATHS = (
					"$(inherited)",
					"@executable_path/Frameworks",
					"@loader_path/Frameworks",
				);
				PRODUCT_BUNDLE_IDENTIFIER = inx.MainAppTests;
				PRODUCT_NAME = "$(TARGET_NAME)";
				SWIFT_VERSION = 5.0;
				TARGETED_DEVICE_FAMILY = "1,2";
				TEST_HOST = "$(BUILT_PRODUCTS_DIR)/MainApp.app/MainApp";
			};
			name = Release;
		};
/* End XCBuildConfiguration section */

/* Begin XCConfigurationList section */
		92D79E812483E534004C4701 /* Build configuration list for PBXProject "MainApp" */ = {
			isa = XCConfigurationList;
			buildConfigurations = (
				92D79EA32483E535004C4701 /* Debug */,
				92D79EA42483E535004C4701 /* Release */,
			);
			defaultConfigurationIsVisible = 0;
			defaultConfigurationName = Release;
		};
		92D79EA52483E535004C4701 /* Build configuration list for PBXNativeTarget "MainApp" */ = {
			isa = XCConfigurationList;
			buildConfigurations = (
				92D79EA62483E535004C4701 /* Debug */,
				92D79EA72483E535004C4701 /* Release */,
			);
			defaultConfigurationIsVisible = 0;
			defaultConfigurationName = Release;
		};
		92D79EA82483E535004C4701 /* Build configuration list for PBXNativeTarget "MainAppTests" */ = {
			isa = XCConfigurationList;
			buildConfigurations = (
				92D79EA92483E535004C4701 /* Debug */,
				92D79EAA2483E535004C4701 /* Release */,
			);
			defaultConfigurationIsVisible = 0;
			defaultConfigurationName = Release;
		};
/* End XCConfigurationList section */
	};
	rootObject = 92D79E7E2483E534004C4701 /* Project object */;
}
